<?xml version="1.0" encoding="UTF-8"?>
<Scheme
   version = "1.3">
   <BuildAction>
      <BuildActionEntries>
         <BuildActionEntry
            buildForRunning = "YES">
            <BuildableReference
               BuildableIdentifier = "primary"
               BlueprintIdentifier = "075E3DE51A5F4ECF00E001A7"
               BuildableName = "ProtonMail.app"
               BlueprintName = "ProtonMail"
               ReferencedContainer = "container:ProtonMail.xcodeproj">
            </BuildableReference>
         </BuildActionEntry>
      </BuildActionEntries>
   </BuildAction>
   <LaunchAction
      useCustomWorkingDirectory = "NO"
      buildConfiguration = "Debug">
      <BuildableProductRunnable>
         <BuildableReference
            BuildableIdentifier = "primary"
            BlueprintIdentifier = "075E3DE51A5F4ECF00E001A7"
            BuildableName = "ProtonMail.app"
            BlueprintName = "ProtonMail"
            ReferencedContainer = "container:ProtonMail.xcodeproj">
         </BuildableReference>
      </BuildableProductRunnable>
   </LaunchAction>
</Scheme>
