PODS:
  - AFNetworkActivityLogger (3.0.0):
    - AFNetworking/NSURLSession (~> 3.0)
  - AFNetworking (3.2.0):
    - AFNetworking/NSURLSession (= 3.2.0)
    - AFNetworking/Reachability (= 3.2.0)
    - AFNetworking/Security (= 3.2.0)
    - AFNetworking/Serialization (= 3.2.0)
    - AFNetworking/UIKit (= 3.2.0)
  - AFNetworking/NSURLSession (3.2.0):
    - AFNetworking/Reachability
    - AFNetworking/Security
    - AFNetworking/Serialization
  - AFNetworking/Reachability (3.2.0)
  - AFNetworking/Security (3.2.0)
  - AFNetworking/Serialization (3.2.0)
  - AFNetworking/UIKit (3.2.0):
    - AFNetworking/NSURLSession
  - AwaitKit (5.0.0):
    - PromiseKit (~> 6)
  - DKImagePickerController/Core (4.0.0-beta2):
    - DKImagePickerController/ImageDataManager
    - DKImagePickerController/Resource
  - DKImagePickerController/ImageDataManager (4.0.0-beta2)
  - DKImagePickerController/PhotoGallery (4.0.0-beta2):
    - DKImagePickerController/Core
    - DKPhotoGallery
  - DKImagePickerController/Resource (4.0.0-beta2)
  - DKPhotoGallery (0.0.7):
    - DKPhotoGallery/Core (= 0.0.7)
    - DKPhotoGallery/Model (= 0.0.7)
    - DKPhotoGallery/Preview (= 0.0.7)
    - DKPhotoGallery/Resource (= 0.0.7)
    - SDWebImage/GIF
  - DKPhotoGallery/Core (0.0.7):
    - DKPhotoGallery/Model
    - DKPhotoGallery/Preview
    - SDWebImage/GIF
  - DKPhotoGallery/Model (0.0.7):
    - SDWebImage/GIF
  - DKPhotoGallery/Preview (0.0.7):
    - DKPhotoGallery/Model
    - DKPhotoGallery/Resource
    - SDWebImage/GIF
  - DKPhotoGallery/Resource (0.0.7):
    - SDWebImage/GIF
  - FLAnimatedImage (1.0.12)
  - Groot (3.0.1):
    - Groot/Swift (= 3.0.1)
  - Groot/Swift (3.0.1)
  - Masonry (1.1.0)
  - MBProgressHUD (0.9.2)
  - MCSwipeTableViewCell (2.1.4)
  - "NSDate+Helper (1.0.4)"
  - OpenPGP (1.0.5):
    - OpenSSL
  - OpenSSL (1.0.210)
  - PromiseKit (6.3.4):
    - PromiseKit/CorePromise (= 6.3.4)
    - PromiseKit/Foundation (= 6.3.4)
    - PromiseKit/UIKit (= 6.3.4)
  - PromiseKit/CorePromise (6.3.4)
  - PromiseKit/Foundation (6.3.4):
    - PromiseKit/CorePromise
  - PromiseKit/UIKit (6.3.4):
    - PromiseKit/CorePromise
  - RHAddressBook (1.1.1)
  - RichEditorView (5.0.0)
  - SDWebImage/Core (4.4.2)
  - SDWebImage/GIF (4.4.2):
    - FLAnimatedImage (~> 1.0)
    - SDWebImage/Core
  - SWRevealViewController (2.3.0)
  - UICKeyChainStore (2.1.1)
  - "UIColor+Hex (1.0.1)":
    - "UIColor+Hex/NSColor (= 1.0.1)"
    - "UIColor+Hex/UIColor (= 1.0.1)"
  - "UIColor+Hex/UIColor (1.0.1)"
  - ZSSRichTextEditor (0.5.2.1)

DEPENDENCIES:
  - AFNetworkActivityLogger (from `https://github.com/AFNetworking/AFNetworkActivityLogger.git`, branch `3_0_0`)
  - AFNetworking (= 3.2.0)
  - AwaitKit (~> 5.0.0)
  - DKImagePickerController/PhotoGallery (= 4.0.0-beta2)
  - Groot (= 3.0.1)
  - Masonry (= 1.1.0)
  - MBProgressHUD (= 0.9.2)
  - MCSwipeTableViewCell (~> 2.1.4)
  - "NSDate+Helper (from `https://github.com/ProtonMail/nsdate-helper.git`, branch `master`)"
  - OpenPGP (from `../OpenPGP`)
  - PromiseKit (~> 6.0)
  - RHAddressBook (= 1.1.1)
  - RichEditorView (= 5.0.0)
  - SWRevealViewController (= 2.3.0)
  - UICKeyChainStore (= 2.1.1)
  - "UIColor+Hex (= 1.0.1)"
  - ZSSRichTextEditor (from `../ZSSRichTextEditor`)

SPEC REPOS:
  https://github.com/cocoapods/specs.git:
    - AFNetworking
    - AwaitKit
    - DKImagePickerController
    - DKPhotoGallery
    - FLAnimatedImage
    - Groot
    - Masonry
    - MBProgressHUD
    - MCSwipeTableViewCell
    - OpenSSL
    - PromiseKit
    - RHAddressBook
    - RichEditorView
    - SDWebImage
    - SWRevealViewController
    - UICKeyChainStore
    - "UIColor+Hex"

EXTERNAL SOURCES:
  AFNetworkActivityLogger:
    :branch: 3_0_0
    :git: https://github.com/AFNetworking/AFNetworkActivityLogger.git
  "NSDate+Helper":
    :branch: master
    :git: https://github.com/ProtonMail/nsdate-helper.git
  OpenPGP:
    :path: "../OpenPGP"
  ZSSRichTextEditor:
    :path: "../ZSSRichTextEditor"

CHECKOUT OPTIONS:
  AFNetworkActivityLogger:
    :commit: b7cce59a369788c409d218e8dab7f381a858cee4
    :git: https://github.com/AFNetworking/AFNetworkActivityLogger.git
  "NSDate+Helper":
    :commit: 43d1301b1449d9d98f6ae1f3e2c049b158885758
    :git: https://github.com/ProtonMail/nsdate-helper.git

SPEC CHECKSUMS:
  AFNetworkActivityLogger: e77f68d014becb33c4306a23f56a64906ff72670
  AFNetworking: 8ac6017b94ea105479f7776e5288e48ae9c59bb4
  AwaitKit: d8a6e30eeb2da916630270b44636b31033388bd8
  DKImagePickerController: 43789fb00974b13f26263cc1ee0de5c2e6c6390d
  DKPhotoGallery: 7f07b6d8a47733fdd76856113c474456b92fc769
  FLAnimatedImage: 4a0b56255d9b05f18b6dd7ee06871be5d3b89e31
  Groot: a668afbcf0be88d76c0a26c714cfa4638ceaca66
  Masonry: 678fab65091a9290e40e2832a55e7ab731aad201
  MBProgressHUD: 1569cf7ace17a8bac47aabfbb8580a49690386d1
  MCSwipeTableViewCell: 1b303e16c3a26b1982f3a68386e9b8c5fc8344c3
  "NSDate+Helper": 78f517ac1c67914096433466fa7d20b812b9d86c
  OpenPGP: 1462a488aa857e65e3a9b810867032f80aee1009
  OpenSSL: 246ffb948e9d56466727fd318134af35f5aa764e
  PromiseKit: e1425568123ec844a944c93f2bcb29d511d39cf5
  RHAddressBook: 870e9e0b34cb917b9c4c600fc3b7d5b530b23b13
  RichEditorView: 1bbb07b87ca2d479ac29a6877014b38b8df233ef
  SDWebImage: 624d6e296c69b244bcede364c72ae0430ac14681
  SWRevealViewController: 6d3fd97f70112fd7cef9de14df4260eacce4c63a
  UICKeyChainStore: 239558492fa260531a0774cfc611ea83a6eaff3a
  "UIColor+Hex": 9fee91bb8e19f17dd40a79ae1e98949a6a84489d
  ZSSRichTextEditor: 53fd660ed37df3ccc3752ab15a04a4fdca35e6d2

PODFILE CHECKSUM: 9d90b127bf1e450a9803a3265b94b61b44846449

COCOAPODS: 1.5.3
