PODS:
  - AFNetworkActivityLogger (3.0.0):
    - AFNetworking/NSURLSession (~> 3.0)
  - AFNetworking (3.2.1):
    - AFNetworking/NSURLSession (= 3.2.1)
    - AFNetworking/Reachability (= 3.2.1)
    - AFNetworking/Security (= 3.2.1)
    - AFNetworking/Serialization (= 3.2.1)
    - AFNetworking/UIKit (= 3.2.1)
  - AFNetworking/NSURLSession (3.2.1):
    - AFNetworking/Reachability
    - AFNetworking/Security
    - AFNetworking/Serialization
  - AFNetworking/Reachability (3.2.1)
  - AFNetworking/Security (3.2.1)
  - AFNetworking/Serialization (3.2.1)
  - AFNetworking/UIKit (3.2.1):
    - AFNetworking/NSURLSession
  - AwaitKit (5.0.1):
    - PromiseKit (~> 6)
  - Crashlytics (3.12.0):
    - Fabric (~> 1.9.0)
  - CryptoSwift (0.12.0)
  - DKImagePickerController/Core (4.0.0-beta2):
    - DKImagePickerController/ImageDataManager
    - DKImagePickerController/Resource
  - DKImagePickerController/ImageDataManager (4.0.0-beta2)
  - DKImagePickerController/PhotoGallery (4.0.0-beta2):
    - DKImagePickerController/Core
    - DKPhotoGallery
  - DKImagePickerController/Resource (4.0.0-beta2)
  - DKPhotoGallery (0.0.11):
    - DKPhotoGallery/Core (= 0.0.11)
    - DKPhotoGallery/Model (= 0.0.11)
    - DKPhotoGallery/Preview (= 0.0.11)
    - DKPhotoGallery/Resource (= 0.0.11)
    - SDWebImage/GIF
  - DKPhotoGallery/Core (0.0.11):
    - DKPhotoGallery/Model
    - DKPhotoGallery/Preview
    - SDWebImage/GIF
  - DKPhotoGallery/Model (0.0.11):
    - SDWebImage/GIF
  - DKPhotoGallery/Preview (0.0.11):
    - DKPhotoGallery/Model
    - DKPhotoGallery/Resource
    - SDWebImage/GIF
  - DKPhotoGallery/Resource (0.0.11):
    - SDWebImage/GIF
  - EllipticCurveKeyPair (1.0.2)
  - Fabric (1.9.0)
  - FLAnimatedImage (1.0.12)
  - Groot (3.0.1):
    - Groot/Swift (= 3.0.1)
  - Groot/Swift (3.0.1)
  - Masonry (1.1.0)
  - MBProgressHUD (0.9.2)
  - MCSwipeTableViewCell (2.1.4)
  - "NSDate+Helper (1.0.4)"
  - OHHTTPStubs/Core (6.1.0)
  - OHHTTPStubs/Default (6.1.0):
    - OHHTTPStubs/Core
    - OHHTTPStubs/JSON
    - OHHTTPStubs/NSURLSession
    - OHHTTPStubs/OHPathHelpers
  - OHHTTPStubs/JSON (6.1.0):
    - OHHTTPStubs/Core
  - OHHTTPStubs/NSURLSession (6.1.0):
    - OHHTTPStubs/Core
  - OHHTTPStubs/OHPathHelpers (6.1.0)
  - OHHTTPStubs/Swift (6.1.0):
    - OHHTTPStubs/Default
  - OpenPGP (1.0.5):
    - OpenSSL
  - OpenSSL (1.0.210)
  - PromiseKit (6.7.0):
    - PromiseKit/CorePromise (= 6.7.0)
    - PromiseKit/Foundation (= 6.7.0)
    - PromiseKit/UIKit (= 6.7.0)
  - PromiseKit/CorePromise (6.7.0)
  - PromiseKit/Foundation (6.7.0):
    - PromiseKit/CorePromise
  - PromiseKit/UIKit (6.7.0):
    - PromiseKit/CorePromise
  - RHAddressBook (1.1.1)
  - RichEditorView (5.0.0)
  - SDWebImage/Core (4.4.3)
  - SDWebImage/GIF (4.4.3):
    - FLAnimatedImage (~> 1.0)
    - SDWebImage/Core
  - Sentry (4.1.0):
    - Sentry/Core (= 4.1.0)
  - Sentry/Core (4.1.0)
  - SWRevealViewController (2.3.0)
  - UICKeyChainStore (2.1.1)
  - "UIColor+Hex (1.0.1)":
    - "UIColor+Hex/NSColor (= 1.0.1)"
    - "UIColor+Hex/UIColor (= 1.0.1)"
  - "UIColor+Hex/UIColor (1.0.1)"
  - ZSSRichTextEditor (0.5.2.1)

DEPENDENCIES:
  - AFNetworkActivityLogger (from `https://github.com/AFNetworking/AFNetworkActivityLogger.git`, branch `3_0_0`)
  - AFNetworking (= 3.2.1)
  - AwaitKit (~> 5.0.0)
  - Crashlytics
  - CryptoSwift (= 0.12.0)
  - DKImagePickerController/PhotoGallery (= 4.0.0-beta2)
  - EllipticCurveKeyPair (= 1.0.2)
  - Fabric
  - Groot (= 3.0.1)
  - Masonry (= 1.1.0)
  - MBProgressHUD (= 0.9.2)
  - MCSwipeTableViewCell (~> 2.1.4)
  - "NSDate+Helper (from `https://github.com/ProtonMail/nsdate-helper.git`, branch `master`)"
  - OHHTTPStubs/Swift
  - OpenPGP (from `../OpenPGP`)
  - PromiseKit (~> 6.0)
  - RHAddressBook (= 1.1.1)
  - RichEditorView (= 5.0.0)
  - Sentry (= 4.1.0)
  - SWRevealViewController (= 2.3.0)
  - UICKeyChainStore (= 2.1.1)
  - "UIColor+Hex (= 1.0.1)"
  - ZSSRichTextEditor (from `../ZSSRichTextEditor`)

SPEC REPOS:
  https://github.com/cocoapods/specs.git:
    - AFNetworking
    - AwaitKit
    - Crashlytics
    - CryptoSwift
    - DKImagePickerController
    - DKPhotoGallery
    - EllipticCurveKeyPair
    - Fabric
    - FLAnimatedImage
    - Groot
    - Masonry
    - MBProgressHUD
    - MCSwipeTableViewCell
    - OHHTTPStubs
    - OpenSSL
    - PromiseKit
    - RHAddressBook
    - RichEditorView
    - SDWebImage
    - Sentry
    - SWRevealViewController
    - UICKeyChainStore
    - "UIColor+Hex"

EXTERNAL SOURCES:
  AFNetworkActivityLogger:
    :branch: 3_0_0
    :git: https://github.com/AFNetworking/AFNetworkActivityLogger.git
  "NSDate+Helper":
    :branch: master
    :git: https://github.com/ProtonMail/nsdate-helper.git
  OpenPGP:
    :path: "../OpenPGP"
  ZSSRichTextEditor:
    :path: "../ZSSRichTextEditor"

CHECKOUT OPTIONS:
  AFNetworkActivityLogger:
    :commit: b7cce59a369788c409d218e8dab7f381a858cee4
    :git: https://github.com/AFNetworking/AFNetworkActivityLogger.git
  "NSDate+Helper":
    :commit: 43d1301b1449d9d98f6ae1f3e2c049b158885758
    :git: https://github.com/ProtonMail/nsdate-helper.git

SPEC CHECKSUMS:
  AFNetworkActivityLogger: e77f68d014becb33c4306a23f56a64906ff72670
  AFNetworking: b6f891fdfaed196b46c7a83cf209e09697b94057
  AwaitKit: a6d0b0b6d603cedda8ef1c1c249b8d6730359917
  Crashlytics: 07fb167b1694128c1c9a5a5cc319b0e9c3ca0933
  CryptoSwift: 1c07ca50843dd48bc54e6ea53d7a4dba3b645716
  DKImagePickerController: 43789fb00974b13f26263cc1ee0de5c2e6c6390d
  DKPhotoGallery: e5fc53899345c26af4374503dd249caabac7d26a
  EllipticCurveKeyPair: 80c2effda68925851c12562dcfc3fe94489b5eba
  Fabric: f988e33c97f08930a413e08123064d2e5f68d655
  FLAnimatedImage: 4a0b56255d9b05f18b6dd7ee06871be5d3b89e31
  Groot: a668afbcf0be88d76c0a26c714cfa4638ceaca66
  Masonry: 678fab65091a9290e40e2832a55e7ab731aad201
  MBProgressHUD: 1569cf7ace17a8bac47aabfbb8580a49690386d1
  MCSwipeTableViewCell: 1b303e16c3a26b1982f3a68386e9b8c5fc8344c3
  "NSDate+Helper": 78f517ac1c67914096433466fa7d20b812b9d86c
  OHHTTPStubs: 1e21c7d2c084b8153fc53d48400d8919d2d432d0
  OpenPGP: 0563b77b6f4e95c5fc913bf7a216c6f3735b0e28
  OpenSSL: 246ffb948e9d56466727fd318134af35f5aa764e
  PromiseKit: 453ddcc947fe7b302f3ef41882b81d31c554df7f
  RHAddressBook: 870e9e0b34cb917b9c4c600fc3b7d5b530b23b13
  RichEditorView: 1bbb07b87ca2d479ac29a6877014b38b8df233ef
  SDWebImage: c5594f1a19c48d526d321e548902b56b479cd508
  Sentry: 44b85e768f435ede4d12ea279af588ff275c3939
  SWRevealViewController: 6d3fd97f70112fd7cef9de14df4260eacce4c63a
  UICKeyChainStore: 239558492fa260531a0774cfc611ea83a6eaff3a
  "UIColor+Hex": 9fee91bb8e19f17dd40a79ae1e98949a6a84489d
  ZSSRichTextEditor: 53fd660ed37df3ccc3752ab15a04a4fdca35e6d2

PODFILE CHECKSUM: 3296a5b19880b73f104f42cc2b733a1f1f2c4b4f

COCOAPODS: 1.5.3
