// !$*UTF8*$!
{
	archiveVersion = 1;
	classes = {
	};
	objectVersion = 46;
	objects = {

/* Begin PBXBuildFile section */
		07009EFC1A64AEF800129B07 /* PGPService.swift in Sources */ = {isa = PBXBuildFile; fileRef = 07009EFB1A64AEF800129B07 /* PGPService.swift */; };
		07009EFF1A659AD400129B07 /* SignIn.storyboard in Resources */ = {isa = PBXBuildFile; fileRef = 07009EFE1A659AD400129B07 /* SignIn.storyboard */; };
		07009F011A65CF4800129B07 /* SignInViewController.swift in Sources */ = {isa = PBXBuildFile; fileRef = 07009F001A65CF4800129B07 /* SignInViewController.swift */; };
		07009F091A65E45600129B07 /* NSNotificationCenter+KeyboardExtension.swift in Sources */ = {isa = PBXBuildFile; fileRef = 07009F081A65E45600129B07 /* NSNotificationCenter+KeyboardExtension.swift */; };
		07009F0B1A66E36500129B07 /* NSNotification+KeyboardExtension.swift in Sources */ = {isa = PBXBuildFile; fileRef = 07009F0A1A66E36500129B07 /* NSNotification+KeyboardExtension.swift */; };
		07009F131A684C1900129B07 /* Roboto-Light.ttf in Resources */ = {isa = PBXBuildFile; fileRef = 07009F111A684C1900129B07 /* Roboto-Light.ttf */; };
		07009F141A684C1900129B07 /* Roboto-Thin.ttf in Resources */ = {isa = PBXBuildFile; fileRef = 07009F121A684C1900129B07 /* Roboto-Thin.ttf */; };
		0713237F1A7844390043DB41 /* MailboxPasswordViewController.swift in Sources */ = {isa = PBXBuildFile; fileRef = 0713237E1A7844390043DB41 /* MailboxPasswordViewController.swift */; };
		071323811A7846150043DB41 /* UIViewExtension.swift in Sources */ = {isa = PBXBuildFile; fileRef = 071323801A7846150043DB41 /* UIViewExtension.swift */; };
		071323901A79BD8F0043DB41 /* TextInsetTextField.swift in Sources */ = {isa = PBXBuildFile; fileRef = 0713238F1A79BD8F0043DB41 /* TextInsetTextField.swift */; };
		071323921A7ADA590043DB41 /* APIService+MessagesExtension.swift in Sources */ = {isa = PBXBuildFile; fileRef = 071323911A7ADA590043DB41 /* APIService+MessagesExtension.swift */; };
		0713239A1A7C02AB0043DB41 /* Message.swift in Sources */ = {isa = PBXBuildFile; fileRef = 071323991A7C02AB0043DB41 /* Message.swift */; };
		0713239C1A7C0B4C0043DB41 /* NSManagedObjectContextExtension.swift in Sources */ = {isa = PBXBuildFile; fileRef = 0713239B1A7C0B4C0043DB41 /* NSManagedObjectContextExtension.swift */; };
		0713239E1A7C1A670043DB41 /* NSDictonaryExtension.swift in Sources */ = {isa = PBXBuildFile; fileRef = 0713239D1A7C1A670043DB41 /* NSDictonaryExtension.swift */; };
		071323A01A7C1AB10043DB41 /* NSTimeIntervalExtension.swift in Sources */ = {isa = PBXBuildFile; fileRef = 0713239F1A7C1AB10043DB41 /* NSTimeIntervalExtension.swift */; };
		073FD92C1A719B7900EB0CAF /* APIService+UserExtension.swift in Sources */ = {isa = PBXBuildFile; fileRef = 073FD92B1A719B7900EB0CAF /* APIService+UserExtension.swift */; };
		073FD9321A71C60900EB0CAF /* UserDataService.swift in Sources */ = {isa = PBXBuildFile; fileRef = 073FD9311A71C60900EB0CAF /* UserDataService.swift */; };
		073FD9341A732C5F00EB0CAF /* AFHTTPRequestSerializerExtension.swift in Sources */ = {isa = PBXBuildFile; fileRef = 073FD9331A732C5F00EB0CAF /* AFHTTPRequestSerializerExtension.swift */; };
		075E3DEC1A5F4ECF00E001A7 /* AppDelegate.swift in Sources */ = {isa = PBXBuildFile; fileRef = 075E3DEB1A5F4ECF00E001A7 /* AppDelegate.swift */; };
		075E3DEF1A5F4ECF00E001A7 /* ProtonMail.xcdatamodeld in Sources */ = {isa = PBXBuildFile; fileRef = 075E3DED1A5F4ECF00E001A7 /* ProtonMail.xcdatamodeld */; };
		075E3DF61A5F4ECF00E001A7 /* Images.xcassets in Resources */ = {isa = PBXBuildFile; fileRef = 075E3DF51A5F4ECF00E001A7 /* Images.xcassets */; };
		075E3DF91A5F4ECF00E001A7 /* LaunchScreen.xib in Resources */ = {isa = PBXBuildFile; fileRef = 075E3DF71A5F4ECF00E001A7 /* LaunchScreen.xib */; };
		075E3E051A5F4ECF00E001A7 /* ProtonMailTests.swift in Sources */ = {isa = PBXBuildFile; fileRef = 075E3E041A5F4ECF00E001A7 /* ProtonMailTests.swift */; };
		078A3A4C1A7FF4DC002C5FF3 /* MessageDataService.swift in Sources */ = {isa = PBXBuildFile; fileRef = 078A3A4B1A7FF4DC002C5FF3 /* MessageDataService.swift */; };
		07B797C01A6EDFF400244532 /* APIService.swift in Sources */ = {isa = PBXBuildFile; fileRef = 07B797BF1A6EDFF400244532 /* APIService.swift */; };
		07B797C21A6EE50F00244532 /* APIService+AuthenticationExtension.swift in Sources */ = {isa = PBXBuildFile; fileRef = 07B797C11A6EE50F00244532 /* APIService+AuthenticationExtension.swift */; };
		07B797C51A6EE5FF00244532 /* AuthCredential.swift in Sources */ = {isa = PBXBuildFile; fileRef = 07B797C41A6EE5FF00244532 /* AuthCredential.swift */; };
		07CC99641A6F076A000FD6F8 /* NSErrorExtension.swift in Sources */ = {isa = PBXBuildFile; fileRef = 07CC99631A6F076A000FD6F8 /* NSErrorExtension.swift */; };
		07CC99661A6F1380000FD6F8 /* FoundationExtension.swift in Sources */ = {isa = PBXBuildFile; fileRef = 07CC99651A6F1380000FD6F8 /* FoundationExtension.swift */; };
		07CC99681A702368000FD6F8 /* UIFontExtension.swift in Sources */ = {isa = PBXBuildFile; fileRef = 07CC99671A702368000FD6F8 /* UIFontExtension.swift */; };
		07CC996A1A705BA4000FD6F8 /* Settings.bundle in Resources */ = {isa = PBXBuildFile; fileRef = 07CC99691A705BA4000FD6F8 /* Settings.bundle */; };
		07CC996C1A717ABD000FD6F8 /* UIStoryboardExtension.swift in Sources */ = {isa = PBXBuildFile; fileRef = 07CC996B1A717ABD000FD6F8 /* UIStoryboardExtension.swift */; };
		07CFC9D41A81A2B0007A72B7 /* Attachment.swift in Sources */ = {isa = PBXBuildFile; fileRef = 07CFC9D31A81A2B0007A72B7 /* Attachment.swift */; };
		07CFC9D81A82D1A4007A72B7 /* MessageDetail.swift in Sources */ = {isa = PBXBuildFile; fileRef = 07CFC9D71A82D1A4007A72B7 /* MessageDetail.swift */; };
		07CFC9DA1A82D4CF007A72B7 /* NSSetExtension.swift in Sources */ = {isa = PBXBuildFile; fileRef = 07CFC9D91A82D4CF007A72B7 /* NSSetExtension.swift */; };
		07FBA7A51A800AAC006E2390 /* NSFetchedResultsControllerExtension.swift in Sources */ = {isa = PBXBuildFile; fileRef = 07FBA7A41A800AAC006E2390 /* NSFetchedResultsControllerExtension.swift */; };
		701704751A791856000A90D2 /* MessageDetailViewController.swift in Sources */ = {isa = PBXBuildFile; fileRef = 701704741A791856000A90D2 /* MessageDetailViewController.swift */; };
		701704781A794C69000A90D2 /* Roboto-MediumItalic.ttf in Resources */ = {isa = PBXBuildFile; fileRef = 701704771A794C69000A90D2 /* Roboto-MediumItalic.ttf */; };
		7017047A1A794C9F000A90D2 /* Roboto-LightItalic.ttf in Resources */ = {isa = PBXBuildFile; fileRef = 701704791A794C9F000A90D2 /* Roboto-LightItalic.ttf */; };
		7027B02B1A700F0200D28F52 /* MenuTableViewCell.swift in Sources */ = {isa = PBXBuildFile; fileRef = 7027B02A1A700F0200D28F52 /* MenuTableViewCell.swift */; };
		7061A3F31A6E8C6A0006D36C /* MenuViewController.swift in Sources */ = {isa = PBXBuildFile; fileRef = 7061A3F21A6E8C6A0006D36C /* MenuViewController.swift */; };
		7061A3F51A6E8C9D0006D36C /* Menu.storyboard in Resources */ = {isa = PBXBuildFile; fileRef = 7061A3F41A6E8C9D0006D36C /* Menu.storyboard */; };
		706628211A715A0900164117 /* MailboxTableViewCell.swift in Sources */ = {isa = PBXBuildFile; fileRef = 706628201A715A0900164117 /* MailboxTableViewCell.swift */; };
		706932AB1A77BE3D00A75A93 /* SearchViewController.swift in Sources */ = {isa = PBXBuildFile; fileRef = 706932AA1A77BE3D00A75A93 /* SearchViewController.swift */; };
		706961FF1A7136A0001443B2 /* ProtonMailViewController.swift in Sources */ = {isa = PBXBuildFile; fileRef = 706961FE1A7136A0001443B2 /* ProtonMailViewController.swift */; };
		706962071A71399D001443B2 /* ContactsViewController.swift in Sources */ = {isa = PBXBuildFile; fileRef = 706962061A71399D001443B2 /* ContactsViewController.swift */; };
		7069620B1A7139C8001443B2 /* SettingsViewController.swift in Sources */ = {isa = PBXBuildFile; fileRef = 7069620A1A7139C8001443B2 /* SettingsViewController.swift */; };
		70945E6A1A80F351002B6837 /* MailboxViewController.swift in Sources */ = {isa = PBXBuildFile; fileRef = 70945E691A80F351002B6837 /* MailboxViewController.swift */; };
		70945E6C1A8133B8002B6837 /* MoreOptionsView.swift in Sources */ = {isa = PBXBuildFile; fileRef = 70945E6B1A8133B8002B6837 /* MoreOptionsView.swift */; };
		70945E6E1A813550002B6837 /* UIButton+ProtonMail.swift in Sources */ = {isa = PBXBuildFile; fileRef = 70945E6D1A813550002B6837 /* UIButton+ProtonMail.swift */; };
		70945E701A8135EC002B6837 /* UILabel+ProtonMail.swift in Sources */ = {isa = PBXBuildFile; fileRef = 70945E6F1A8135EC002B6837 /* UILabel+ProtonMail.swift */; };
		70C6ABE41A72C1B7006EC400 /* Roboto-Regular.ttf in Resources */ = {isa = PBXBuildFile; fileRef = 70FD2BCB1A6FDC9B0086ADC5 /* Roboto-Regular.ttf */; };
		70C9133D1A6D83FA002CBE61 /* UIColor+ProtonMail.swift in Sources */ = {isa = PBXBuildFile; fileRef = 70C9133C1A6D83FA002CBE61 /* UIColor+ProtonMail.swift */; };
		70F9C3211A7BA8F400A45DF3 /* MessageDetailView.swift in Sources */ = {isa = PBXBuildFile; fileRef = 70F9C3201A7BA8F400A45DF3 /* MessageDetailView.swift */; };
		EAF4B9D23FDBAA4F2F237B3A /* libPods.a in Frameworks */ = {isa = PBXBuildFile; fileRef = E7171A1EF5F60DDA876FD139 /* libPods.a */; };
		F77B8F0DFAD04EC03F166E0A /* libPods.a in Frameworks */ = {isa = PBXBuildFile; fileRef = E7171A1EF5F60DDA876FD139 /* libPods.a */; };
/* End PBXBuildFile section */

/* Begin PBXContainerItemProxy section */
		075E3DFF1A5F4ECF00E001A7 /* PBXContainerItemProxy */ = {
			isa = PBXContainerItemProxy;
			containerPortal = 075E3DDE1A5F4ECF00E001A7 /* Project object */;
			proxyType = 1;
			remoteGlobalIDString = 075E3DE51A5F4ECF00E001A7;
			remoteInfo = ProtonMail;
		};
/* End PBXContainerItemProxy section */

/* Begin PBXFileReference section */
		07009EF91A64AA6A00129B07 /* ProtonMail-Bridging-Header.h */ = {isa = PBXFileReference; lastKnownFileType = sourcecode.c.h; path = "ProtonMail-Bridging-Header.h"; sourceTree = "<group>"; };
		07009EFB1A64AEF800129B07 /* PGPService.swift */ = {isa = PBXFileReference; fileEncoding = 4; lastKnownFileType = sourcecode.swift; path = PGPService.swift; sourceTree = "<group>"; };
		07009EFE1A659AD400129B07 /* SignIn.storyboard */ = {isa = PBXFileReference; fileEncoding = 4; lastKnownFileType = file.storyboard; path = SignIn.storyboard; sourceTree = "<group>"; };
		07009F001A65CF4800129B07 /* SignInViewController.swift */ = {isa = PBXFileReference; fileEncoding = 4; lastKnownFileType = sourcecode.swift; path = SignInViewController.swift; sourceTree = "<group>"; };
		07009F081A65E45600129B07 /* NSNotificationCenter+KeyboardExtension.swift */ = {isa = PBXFileReference; fileEncoding = 4; lastKnownFileType = sourcecode.swift; path = "NSNotificationCenter+KeyboardExtension.swift"; sourceTree = "<group>"; };
		07009F0A1A66E36500129B07 /* NSNotification+KeyboardExtension.swift */ = {isa = PBXFileReference; fileEncoding = 4; lastKnownFileType = sourcecode.swift; path = "NSNotification+KeyboardExtension.swift"; sourceTree = "<group>"; };
		07009F0C1A6700CF00129B07 /* Pods.distribution.xcconfig */ = {isa = PBXFileReference; fileEncoding = 4; lastKnownFileType = text.xcconfig; name = Pods.distribution.xcconfig; path = "Pods/Target Support Files/Pods/Pods.distribution.xcconfig"; sourceTree = "<group>"; };
		07009F111A684C1900129B07 /* Roboto-Light.ttf */ = {isa = PBXFileReference; lastKnownFileType = file; path = "Roboto-Light.ttf"; sourceTree = "<group>"; };
		07009F121A684C1900129B07 /* Roboto-Thin.ttf */ = {isa = PBXFileReference; lastKnownFileType = file; path = "Roboto-Thin.ttf"; sourceTree = "<group>"; };
		0713237E1A7844390043DB41 /* MailboxPasswordViewController.swift */ = {isa = PBXFileReference; fileEncoding = 4; lastKnownFileType = sourcecode.swift; path = MailboxPasswordViewController.swift; sourceTree = "<group>"; };
		071323801A7846150043DB41 /* UIViewExtension.swift */ = {isa = PBXFileReference; fileEncoding = 4; lastKnownFileType = sourcecode.swift; path = UIViewExtension.swift; sourceTree = "<group>"; };
		0713238F1A79BD8F0043DB41 /* TextInsetTextField.swift */ = {isa = PBXFileReference; fileEncoding = 4; lastKnownFileType = sourcecode.swift; path = TextInsetTextField.swift; sourceTree = "<group>"; };
		071323911A7ADA590043DB41 /* APIService+MessagesExtension.swift */ = {isa = PBXFileReference; fileEncoding = 4; lastKnownFileType = sourcecode.swift; path = "APIService+MessagesExtension.swift"; sourceTree = "<group>"; };
		071323991A7C02AB0043DB41 /* Message.swift */ = {isa = PBXFileReference; fileEncoding = 4; lastKnownFileType = sourcecode.swift; path = Message.swift; sourceTree = "<group>"; };
		0713239B1A7C0B4C0043DB41 /* NSManagedObjectContextExtension.swift */ = {isa = PBXFileReference; fileEncoding = 4; lastKnownFileType = sourcecode.swift; path = NSManagedObjectContextExtension.swift; sourceTree = "<group>"; };
		0713239D1A7C1A670043DB41 /* NSDictonaryExtension.swift */ = {isa = PBXFileReference; fileEncoding = 4; lastKnownFileType = sourcecode.swift; path = NSDictonaryExtension.swift; sourceTree = "<group>"; };
		0713239F1A7C1AB10043DB41 /* NSTimeIntervalExtension.swift */ = {isa = PBXFileReference; fileEncoding = 4; lastKnownFileType = sourcecode.swift; path = NSTimeIntervalExtension.swift; sourceTree = "<group>"; };
		073FD92B1A719B7900EB0CAF /* APIService+UserExtension.swift */ = {isa = PBXFileReference; fileEncoding = 4; lastKnownFileType = sourcecode.swift; path = "APIService+UserExtension.swift"; sourceTree = "<group>"; };
		073FD9311A71C60900EB0CAF /* UserDataService.swift */ = {isa = PBXFileReference; fileEncoding = 4; lastKnownFileType = sourcecode.swift; path = UserDataService.swift; sourceTree = "<group>"; };
		073FD9331A732C5F00EB0CAF /* AFHTTPRequestSerializerExtension.swift */ = {isa = PBXFileReference; fileEncoding = 4; lastKnownFileType = sourcecode.swift; path = AFHTTPRequestSerializerExtension.swift; sourceTree = "<group>"; };
		075E3DE61A5F4ECF00E001A7 /* ProtonMail.app */ = {isa = PBXFileReference; explicitFileType = wrapper.application; includeInIndex = 0; path = ProtonMail.app; sourceTree = BUILT_PRODUCTS_DIR; };
		075E3DEA1A5F4ECF00E001A7 /* Info.plist */ = {isa = PBXFileReference; lastKnownFileType = text.plist.xml; path = Info.plist; sourceTree = "<group>"; };
		075E3DEB1A5F4ECF00E001A7 /* AppDelegate.swift */ = {isa = PBXFileReference; lastKnownFileType = sourcecode.swift; name = AppDelegate.swift; path = ProtonMail/AppDelegate.swift; sourceTree = "<group>"; };
		075E3DEE1A5F4ECF00E001A7 /* ProtonMail.xcdatamodel */ = {isa = PBXFileReference; lastKnownFileType = wrapper.xcdatamodel; path = ProtonMail.xcdatamodel; sourceTree = "<group>"; };
		075E3DF51A5F4ECF00E001A7 /* Images.xcassets */ = {isa = PBXFileReference; lastKnownFileType = folder.assetcatalog; name = Images.xcassets; path = ProtonMail/Images.xcassets; sourceTree = "<group>"; };
		075E3DF81A5F4ECF00E001A7 /* Base */ = {isa = PBXFileReference; lastKnownFileType = file.xib; name = Base; path = Base.lproj/LaunchScreen.xib; sourceTree = "<group>"; };
		075E3DFE1A5F4ECF00E001A7 /* ProtonMailTests.xctest */ = {isa = PBXFileReference; explicitFileType = wrapper.cfbundle; includeInIndex = 0; path = ProtonMailTests.xctest; sourceTree = BUILT_PRODUCTS_DIR; };
		075E3E031A5F4ECF00E001A7 /* Info.plist */ = {isa = PBXFileReference; lastKnownFileType = text.plist.xml; path = Info.plist; sourceTree = "<group>"; };
		075E3E041A5F4ECF00E001A7 /* ProtonMailTests.swift */ = {isa = PBXFileReference; lastKnownFileType = sourcecode.swift; path = ProtonMailTests.swift; sourceTree = "<group>"; };
		078A3A4B1A7FF4DC002C5FF3 /* MessageDataService.swift */ = {isa = PBXFileReference; fileEncoding = 4; lastKnownFileType = sourcecode.swift; path = MessageDataService.swift; sourceTree = "<group>"; };
		07B797BF1A6EDFF400244532 /* APIService.swift */ = {isa = PBXFileReference; fileEncoding = 4; lastKnownFileType = sourcecode.swift; path = APIService.swift; sourceTree = "<group>"; };
		07B797C11A6EE50F00244532 /* APIService+AuthenticationExtension.swift */ = {isa = PBXFileReference; fileEncoding = 4; lastKnownFileType = sourcecode.swift; path = "APIService+AuthenticationExtension.swift"; sourceTree = "<group>"; };
		07B797C41A6EE5FF00244532 /* AuthCredential.swift */ = {isa = PBXFileReference; fileEncoding = 4; lastKnownFileType = sourcecode.swift; path = AuthCredential.swift; sourceTree = "<group>"; };
		07CC99631A6F076A000FD6F8 /* NSErrorExtension.swift */ = {isa = PBXFileReference; fileEncoding = 4; lastKnownFileType = sourcecode.swift; path = NSErrorExtension.swift; sourceTree = "<group>"; };
		07CC99651A6F1380000FD6F8 /* FoundationExtension.swift */ = {isa = PBXFileReference; fileEncoding = 4; lastKnownFileType = sourcecode.swift; path = FoundationExtension.swift; sourceTree = "<group>"; };
		07CC99671A702368000FD6F8 /* UIFontExtension.swift */ = {isa = PBXFileReference; fileEncoding = 4; lastKnownFileType = sourcecode.swift; path = UIFontExtension.swift; sourceTree = "<group>"; };
		07CC99691A705BA4000FD6F8 /* Settings.bundle */ = {isa = PBXFileReference; lastKnownFileType = "wrapper.plug-in"; path = Settings.bundle; sourceTree = "<group>"; };
		07CC996B1A717ABD000FD6F8 /* UIStoryboardExtension.swift */ = {isa = PBXFileReference; fileEncoding = 4; lastKnownFileType = sourcecode.swift; path = UIStoryboardExtension.swift; sourceTree = "<group>"; };
		07CFC9D31A81A2B0007A72B7 /* Attachment.swift */ = {isa = PBXFileReference; fileEncoding = 4; lastKnownFileType = sourcecode.swift; path = Attachment.swift; sourceTree = "<group>"; };
		07CFC9D71A82D1A4007A72B7 /* MessageDetail.swift */ = {isa = PBXFileReference; fileEncoding = 4; lastKnownFileType = sourcecode.swift; path = MessageDetail.swift; sourceTree = "<group>"; };
		07CFC9D91A82D4CF007A72B7 /* NSSetExtension.swift */ = {isa = PBXFileReference; fileEncoding = 4; lastKnownFileType = sourcecode.swift; path = NSSetExtension.swift; sourceTree = "<group>"; };
		07FBA7A41A800AAC006E2390 /* NSFetchedResultsControllerExtension.swift */ = {isa = PBXFileReference; fileEncoding = 4; lastKnownFileType = sourcecode.swift; path = NSFetchedResultsControllerExtension.swift; sourceTree = "<group>"; };
		132129A26ED76512DB66C024 /* Pods.release.xcconfig */ = {isa = PBXFileReference; includeInIndex = 1; lastKnownFileType = text.xcconfig; name = Pods.release.xcconfig; path = "Pods/Target Support Files/Pods/Pods.release.xcconfig"; sourceTree = "<group>"; };
		701704741A791856000A90D2 /* MessageDetailViewController.swift */ = {isa = PBXFileReference; fileEncoding = 4; lastKnownFileType = sourcecode.swift; path = MessageDetailViewController.swift; sourceTree = "<group>"; };
		701704771A794C69000A90D2 /* Roboto-MediumItalic.ttf */ = {isa = PBXFileReference; lastKnownFileType = file; path = "Roboto-MediumItalic.ttf"; sourceTree = "<group>"; };
		701704791A794C9F000A90D2 /* Roboto-LightItalic.ttf */ = {isa = PBXFileReference; lastKnownFileType = file; path = "Roboto-LightItalic.ttf"; sourceTree = "<group>"; };
		7027B02A1A700F0200D28F52 /* MenuTableViewCell.swift */ = {isa = PBXFileReference; fileEncoding = 4; lastKnownFileType = sourcecode.swift; path = MenuTableViewCell.swift; sourceTree = "<group>"; };
		7061A3F21A6E8C6A0006D36C /* MenuViewController.swift */ = {isa = PBXFileReference; fileEncoding = 4; lastKnownFileType = sourcecode.swift; path = MenuViewController.swift; sourceTree = "<group>"; };
		7061A3F41A6E8C9D0006D36C /* Menu.storyboard */ = {isa = PBXFileReference; fileEncoding = 4; lastKnownFileType = file.storyboard; path = Menu.storyboard; sourceTree = "<group>"; };
		706628201A715A0900164117 /* MailboxTableViewCell.swift */ = {isa = PBXFileReference; fileEncoding = 4; lastKnownFileType = sourcecode.swift; path = MailboxTableViewCell.swift; sourceTree = "<group>"; };
		706932AA1A77BE3D00A75A93 /* SearchViewController.swift */ = {isa = PBXFileReference; fileEncoding = 4; lastKnownFileType = sourcecode.swift; path = SearchViewController.swift; sourceTree = "<group>"; };
		706961FE1A7136A0001443B2 /* ProtonMailViewController.swift */ = {isa = PBXFileReference; fileEncoding = 4; lastKnownFileType = sourcecode.swift; name = ProtonMailViewController.swift; path = ProtonMail/ProtonMailViewController.swift; sourceTree = "<group>"; };
		706962061A71399D001443B2 /* ContactsViewController.swift */ = {isa = PBXFileReference; fileEncoding = 4; lastKnownFileType = sourcecode.swift; path = ContactsViewController.swift; sourceTree = "<group>"; };
		7069620A1A7139C8001443B2 /* SettingsViewController.swift */ = {isa = PBXFileReference; fileEncoding = 4; lastKnownFileType = sourcecode.swift; path = SettingsViewController.swift; sourceTree = "<group>"; };
		70945E691A80F351002B6837 /* MailboxViewController.swift */ = {isa = PBXFileReference; fileEncoding = 4; lastKnownFileType = sourcecode.swift; path = MailboxViewController.swift; sourceTree = "<group>"; };
		70945E6B1A8133B8002B6837 /* MoreOptionsView.swift */ = {isa = PBXFileReference; fileEncoding = 4; lastKnownFileType = sourcecode.swift; path = MoreOptionsView.swift; sourceTree = "<group>"; };
		70945E6D1A813550002B6837 /* UIButton+ProtonMail.swift */ = {isa = PBXFileReference; fileEncoding = 4; lastKnownFileType = sourcecode.swift; path = "UIButton+ProtonMail.swift"; sourceTree = "<group>"; };
		70945E6F1A8135EC002B6837 /* UILabel+ProtonMail.swift */ = {isa = PBXFileReference; fileEncoding = 4; lastKnownFileType = sourcecode.swift; path = "UILabel+ProtonMail.swift"; sourceTree = "<group>"; };
		70C9133C1A6D83FA002CBE61 /* UIColor+ProtonMail.swift */ = {isa = PBXFileReference; fileEncoding = 4; lastKnownFileType = sourcecode.swift; path = "UIColor+ProtonMail.swift"; sourceTree = "<group>"; };
		70F9C3201A7BA8F400A45DF3 /* MessageDetailView.swift */ = {isa = PBXFileReference; fileEncoding = 4; lastKnownFileType = sourcecode.swift; path = MessageDetailView.swift; sourceTree = "<group>"; };
		70FD2BCB1A6FDC9B0086ADC5 /* Roboto-Regular.ttf */ = {isa = PBXFileReference; lastKnownFileType = file; path = "Roboto-Regular.ttf"; sourceTree = "<group>"; };
		AF1532103B091E2244D6CFE4 /* Pods.debug.xcconfig */ = {isa = PBXFileReference; includeInIndex = 1; lastKnownFileType = text.xcconfig; name = Pods.debug.xcconfig; path = "Pods/Target Support Files/Pods/Pods.debug.xcconfig"; sourceTree = "<group>"; };
		E7171A1EF5F60DDA876FD139 /* libPods.a */ = {isa = PBXFileReference; explicitFileType = archive.ar; includeInIndex = 0; path = libPods.a; sourceTree = BUILT_PRODUCTS_DIR; };
/* End PBXFileReference section */

/* Begin PBXFrameworksBuildPhase section */
		075E3DE31A5F4ECF00E001A7 /* Frameworks */ = {
			isa = PBXFrameworksBuildPhase;
			buildActionMask = 2147483647;
			files = (
				F77B8F0DFAD04EC03F166E0A /* libPods.a in Frameworks */,
			);
			runOnlyForDeploymentPostprocessing = 0;
		};
		075E3DFB1A5F4ECF00E001A7 /* Frameworks */ = {
			isa = PBXFrameworksBuildPhase;
			buildActionMask = 2147483647;
			files = (
				EAF4B9D23FDBAA4F2F237B3A /* libPods.a in Frameworks */,
			);
			runOnlyForDeploymentPostprocessing = 0;
		};
/* End PBXFrameworksBuildPhase section */

/* Begin PBXGroup section */
		07009EFA1A64AEC800129B07 /* Services */ = {
			isa = PBXGroup;
			children = (
				07B797C31A6EE54600244532 /* Network */,
				07009EFB1A64AEF800129B07 /* PGPService.swift */,
			);
			name = Services;
			sourceTree = "<group>";
		};
		07009EFD1A659A8000129B07 /* Sign In */ = {
			isa = PBXGroup;
			children = (
				0713237E1A7844390043DB41 /* MailboxPasswordViewController.swift */,
				07009EFE1A659AD400129B07 /* SignIn.storyboard */,
				07009F001A65CF4800129B07 /* SignInViewController.swift */,
				0713238F1A79BD8F0043DB41 /* TextInsetTextField.swift */,
			);
			name = "Sign In";
			sourceTree = "<group>";
		};
		07009F071A65E3C600129B07 /* Extensions */ = {
			isa = PBXGroup;
			children = (
				073FD9331A732C5F00EB0CAF /* AFHTTPRequestSerializerExtension.swift */,
				07CC99651A6F1380000FD6F8 /* FoundationExtension.swift */,
				0713239D1A7C1A670043DB41 /* NSDictonaryExtension.swift */,
				07CC99631A6F076A000FD6F8 /* NSErrorExtension.swift */,
				0713239B1A7C0B4C0043DB41 /* NSManagedObjectContextExtension.swift */,
				07009F0A1A66E36500129B07 /* NSNotification+KeyboardExtension.swift */,
				07009F081A65E45600129B07 /* NSNotificationCenter+KeyboardExtension.swift */,
				70C9133C1A6D83FA002CBE61 /* UIColor+ProtonMail.swift */,
				07CC99671A702368000FD6F8 /* UIFontExtension.swift */,
				07CC996B1A717ABD000FD6F8 /* UIStoryboardExtension.swift */,
				071323801A7846150043DB41 /* UIViewExtension.swift */,
				70945E6D1A813550002B6837 /* UIButton+ProtonMail.swift */,
				70945E6F1A8135EC002B6837 /* UILabel+ProtonMail.swift */,
				0713239F1A7C1AB10043DB41 /* NSTimeIntervalExtension.swift */,
				07FBA7A41A800AAC006E2390 /* NSFetchedResultsControllerExtension.swift */,
				07CFC9D91A82D4CF007A72B7 /* NSSetExtension.swift */,
			);
			name = Extensions;
			sourceTree = "<group>";
		};
		07009F101A684BDB00129B07 /* Fonts */ = {
			isa = PBXGroup;
			children = (
				701704771A794C69000A90D2 /* Roboto-MediumItalic.ttf */,
				07009F111A684C1900129B07 /* Roboto-Light.ttf */,
				701704791A794C9F000A90D2 /* Roboto-LightItalic.ttf */,
				70FD2BCB1A6FDC9B0086ADC5 /* Roboto-Regular.ttf */,
				07009F121A684C1900129B07 /* Roboto-Thin.ttf */,
			);
			name = Fonts;
			path = ..;
			sourceTree = "<group>";
		};
		073FD92D1A71C33B00EB0CAF /* Models */ = {
			isa = PBXGroup;
			children = (
				07CFC9D31A81A2B0007A72B7 /* Attachment.swift */,
				07B797C41A6EE5FF00244532 /* AuthCredential.swift */,
				071323991A7C02AB0043DB41 /* Message.swift */,
				07CFC9D71A82D1A4007A72B7 /* MessageDetail.swift */,
			);
			name = Models;
			sourceTree = "<group>";
		};
		073FD9301A71C5F000EB0CAF /* DataServices */ = {
			isa = PBXGroup;
			children = (
				078A3A4B1A7FF4DC002C5FF3 /* MessageDataService.swift */,
				073FD9311A71C60900EB0CAF /* UserDataService.swift */,
			);
			name = DataServices;
			sourceTree = "<group>";
		};
		075E3DDD1A5F4ECF00E001A7 = {
			isa = PBXGroup;
			children = (
				075E3DE81A5F4ECF00E001A7 /* ProtonMail */,
				075E3DEB1A5F4ECF00E001A7 /* AppDelegate.swift */,
				075E3DF51A5F4ECF00E001A7 /* Images.xcassets */,
				075E3DF71A5F4ECF00E001A7 /* LaunchScreen.xib */,
				706961FE1A7136A0001443B2 /* ProtonMailViewController.swift */,
				075E3DED1A5F4ECF00E001A7 /* ProtonMail.xcdatamodeld */,
				075E3E011A5F4ECF00E001A7 /* ProtonMailTests */,
				075E3DE71A5F4ECF00E001A7 /* Products */,
				518B9570F3E0BF19912099F3 /* Pods */,
				EDDC3A27CB6370D84ADB05EA /* Frameworks */,
			);
			sourceTree = "<group>";
		};
		075E3DE71A5F4ECF00E001A7 /* Products */ = {
			isa = PBXGroup;
			children = (
				075E3DE61A5F4ECF00E001A7 /* ProtonMail.app */,
				075E3DFE1A5F4ECF00E001A7 /* ProtonMailTests.xctest */,
			);
			name = Products;
			sourceTree = "<group>";
		};
		075E3DE81A5F4ECF00E001A7 /* ProtonMail */ = {
			isa = PBXGroup;
			children = (
				706628241A71681300164117 /* Controller */,
				073FD9301A71C5F000EB0CAF /* DataServices */,
				07009F071A65E3C600129B07 /* Extensions */,
				07009F101A684BDB00129B07 /* Fonts */,
				7061A3F11A6E8C4A0006D36C /* Menu */,
				073FD92D1A71C33B00EB0CAF /* Models */,
				07009EFA1A64AEC800129B07 /* Services */,
				075E3DE91A5F4ECF00E001A7 /* Supporting Files */,
			);
			path = ProtonMail;
			sourceTree = "<group>";
		};
		075E3DE91A5F4ECF00E001A7 /* Supporting Files */ = {
			isa = PBXGroup;
			children = (
				075E3DEA1A5F4ECF00E001A7 /* Info.plist */,
				07009EF91A64AA6A00129B07 /* ProtonMail-Bridging-Header.h */,
				07CC99691A705BA4000FD6F8 /* Settings.bundle */,
			);
			name = "Supporting Files";
			sourceTree = "<group>";
		};
		075E3E011A5F4ECF00E001A7 /* ProtonMailTests */ = {
			isa = PBXGroup;
			children = (
				075E3E041A5F4ECF00E001A7 /* ProtonMailTests.swift */,
				075E3E021A5F4ECF00E001A7 /* Supporting Files */,
			);
			path = ProtonMailTests;
			sourceTree = "<group>";
		};
		075E3E021A5F4ECF00E001A7 /* Supporting Files */ = {
			isa = PBXGroup;
			children = (
				075E3E031A5F4ECF00E001A7 /* Info.plist */,
			);
			name = "Supporting Files";
			sourceTree = "<group>";
		};
		07B797C31A6EE54600244532 /* Network */ = {
			isa = PBXGroup;
			children = (
				07B797BF1A6EDFF400244532 /* APIService.swift */,
				07B797C11A6EE50F00244532 /* APIService+AuthenticationExtension.swift */,
				071323911A7ADA590043DB41 /* APIService+MessagesExtension.swift */,
				073FD92B1A719B7900EB0CAF /* APIService+UserExtension.swift */,
			);
			name = Network;
			sourceTree = "<group>";
		};
		518B9570F3E0BF19912099F3 /* Pods */ = {
			isa = PBXGroup;
			children = (
				AF1532103B091E2244D6CFE4 /* Pods.debug.xcconfig */,
				07009F0C1A6700CF00129B07 /* Pods.distribution.xcconfig */,
				132129A26ED76512DB66C024 /* Pods.release.xcconfig */,
			);
			name = Pods;
			sourceTree = "<group>";
		};
		701704761A79185D000A90D2 /* Message Detail */ = {
			isa = PBXGroup;
			children = (
				70F9C3201A7BA8F400A45DF3 /* MessageDetailView.swift */,
				701704741A791856000A90D2 /* MessageDetailViewController.swift */,
			);
			name = "Message Detail";
			sourceTree = "<group>";
		};
		7061A3F11A6E8C4A0006D36C /* Menu */ = {
			isa = PBXGroup;
			children = (
				7061A3F41A6E8C9D0006D36C /* Menu.storyboard */,
				7027B02A1A700F0200D28F52 /* MenuTableViewCell.swift */,
				7061A3F21A6E8C6A0006D36C /* MenuViewController.swift */,
				70945E6B1A8133B8002B6837 /* MoreOptionsView.swift */,
			);
			name = Menu;
			sourceTree = "<group>";
		};
		706628241A71681300164117 /* Controller */ = {
			isa = PBXGroup;
			children = (
				706962031A713959001443B2 /* Contacts */,
				70945E681A80F331002B6837 /* Mailbox */,
				701704761A79185D000A90D2 /* Message Detail */,
				706932A91A77BE2900A75A93 /* Search */,
				706962041A713960001443B2 /* Settings */,
				07009EFD1A659A8000129B07 /* Sign In */,
			);
			name = Controller;
			sourceTree = "<group>";
		};
		706932A91A77BE2900A75A93 /* Search */ = {
			isa = PBXGroup;
			children = (
				706932AA1A77BE3D00A75A93 /* SearchViewController.swift */,
			);
			name = Search;
			sourceTree = "<group>";
		};
		706962031A713959001443B2 /* Contacts */ = {
			isa = PBXGroup;
			children = (
				706962061A71399D001443B2 /* ContactsViewController.swift */,
			);
			name = Contacts;
			sourceTree = "<group>";
		};
		706962041A713960001443B2 /* Settings */ = {
			isa = PBXGroup;
			children = (
				7069620A1A7139C8001443B2 /* SettingsViewController.swift */,
			);
			name = Settings;
			sourceTree = "<group>";
		};
		70945E681A80F331002B6837 /* Mailbox */ = {
			isa = PBXGroup;
			children = (
				706628201A715A0900164117 /* MailboxTableViewCell.swift */,
				70945E691A80F351002B6837 /* MailboxViewController.swift */,
			);
			name = Mailbox;
			sourceTree = "<group>";
		};
		EDDC3A27CB6370D84ADB05EA /* Frameworks */ = {
			isa = PBXGroup;
			children = (
				E7171A1EF5F60DDA876FD139 /* libPods.a */,
			);
			name = Frameworks;
			sourceTree = "<group>";
		};
/* End PBXGroup section */

/* Begin PBXNativeTarget section */
		075E3DE51A5F4ECF00E001A7 /* ProtonMail */ = {
			isa = PBXNativeTarget;
			buildConfigurationList = 075E3E081A5F4ECF00E001A7 /* Build configuration list for PBXNativeTarget "ProtonMail" */;
			buildPhases = (
				D5F434AFF2C00C9ABE6BB23E /* Check Pods Manifest.lock */,
				075E3DE21A5F4ECF00E001A7 /* Sources */,
				075E3DE31A5F4ECF00E001A7 /* Frameworks */,
				075E3DE41A5F4ECF00E001A7 /* Resources */,
				A7038E57DA5EA382DAD3045B /* Copy Pods Resources */,
			);
			buildRules = (
			);
			dependencies = (
			);
			name = ProtonMail;
			productName = ProtonMail;
			productReference = 075E3DE61A5F4ECF00E001A7 /* ProtonMail.app */;
			productType = "com.apple.product-type.application";
		};
		075E3DFD1A5F4ECF00E001A7 /* ProtonMailTests */ = {
			isa = PBXNativeTarget;
			buildConfigurationList = 075E3E0B1A5F4ECF00E001A7 /* Build configuration list for PBXNativeTarget "ProtonMailTests" */;
			buildPhases = (
				6BE8A7FC4119F20E39FCA7B7 /* Check Pods Manifest.lock */,
				075E3DFA1A5F4ECF00E001A7 /* Sources */,
				075E3DFB1A5F4ECF00E001A7 /* Frameworks */,
				075E3DFC1A5F4ECF00E001A7 /* Resources */,
				F2CADA0C12EE4E5024967C8C /* Copy Pods Resources */,
			);
			buildRules = (
			);
			dependencies = (
				075E3E001A5F4ECF00E001A7 /* PBXTargetDependency */,
			);
			name = ProtonMailTests;
			productName = ProtonMailTests;
			productReference = 075E3DFE1A5F4ECF00E001A7 /* ProtonMailTests.xctest */;
			productType = "com.apple.product-type.bundle.unit-test";
		};
/* End PBXNativeTarget section */

/* Begin PBXProject section */
		075E3DDE1A5F4ECF00E001A7 /* Project object */ = {
			isa = PBXProject;
			attributes = {
				LastUpgradeCheck = 0610;
				ORGANIZATIONNAME = ArcTouch;
				TargetAttributes = {
					075E3DE51A5F4ECF00E001A7 = {
						CreatedOnToolsVersion = 6.1.1;
					};
					075E3DFD1A5F4ECF00E001A7 = {
						CreatedOnToolsVersion = 6.1.1;
						TestTargetID = 075E3DE51A5F4ECF00E001A7;
					};
				};
			};
			buildConfigurationList = 075E3DE11A5F4ECF00E001A7 /* Build configuration list for PBXProject "ProtonMail" */;
			compatibilityVersion = "Xcode 3.2";
			developmentRegion = English;
			hasScannedForEncodings = 0;
			knownRegions = (
				en,
				Base,
			);
			mainGroup = 075E3DDD1A5F4ECF00E001A7;
			productRefGroup = 075E3DE71A5F4ECF00E001A7 /* Products */;
			projectDirPath = "";
			projectRoot = "";
			targets = (
				075E3DE51A5F4ECF00E001A7 /* ProtonMail */,
				075E3DFD1A5F4ECF00E001A7 /* ProtonMailTests */,
			);
		};
/* End PBXProject section */

/* Begin PBXResourcesBuildPhase section */
		075E3DE41A5F4ECF00E001A7 /* Resources */ = {
			isa = PBXResourcesBuildPhase;
			buildActionMask = 2147483647;
			files = (
				70C6ABE41A72C1B7006EC400 /* Roboto-Regular.ttf in Resources */,
				07009EFF1A659AD400129B07 /* SignIn.storyboard in Resources */,
				7017047A1A794C9F000A90D2 /* Roboto-LightItalic.ttf in Resources */,
				7061A3F51A6E8C9D0006D36C /* Menu.storyboard in Resources */,
				075E3DF91A5F4ECF00E001A7 /* LaunchScreen.xib in Resources */,
				07009F131A684C1900129B07 /* Roboto-Light.ttf in Resources */,
				07009F141A684C1900129B07 /* Roboto-Thin.ttf in Resources */,
				07CC996A1A705BA4000FD6F8 /* Settings.bundle in Resources */,
				701704781A794C69000A90D2 /* Roboto-MediumItalic.ttf in Resources */,
				075E3DF61A5F4ECF00E001A7 /* Images.xcassets in Resources */,
			);
			runOnlyForDeploymentPostprocessing = 0;
		};
		075E3DFC1A5F4ECF00E001A7 /* Resources */ = {
			isa = PBXResourcesBuildPhase;
			buildActionMask = 2147483647;
			files = (
			);
			runOnlyForDeploymentPostprocessing = 0;
		};
/* End PBXResourcesBuildPhase section */

/* Begin PBXShellScriptBuildPhase section */
		6BE8A7FC4119F20E39FCA7B7 /* Check Pods Manifest.lock */ = {
			isa = PBXShellScriptBuildPhase;
			buildActionMask = 2147483647;
			files = (
			);
			inputPaths = (
			);
			name = "Check Pods Manifest.lock";
			outputPaths = (
			);
			runOnlyForDeploymentPostprocessing = 0;
			shellPath = /bin/sh;
			shellScript = "diff \"${PODS_ROOT}/../Podfile.lock\" \"${PODS_ROOT}/Manifest.lock\" > /dev/null\nif [[ $? != 0 ]] ; then\n    cat << EOM\nerror: The sandbox is not in sync with the Podfile.lock. Run 'pod install' or update your CocoaPods installation.\nEOM\n    exit 1\nfi\n";
			showEnvVarsInLog = 0;
		};
		A7038E57DA5EA382DAD3045B /* Copy Pods Resources */ = {
			isa = PBXShellScriptBuildPhase;
			buildActionMask = 2147483647;
			files = (
			);
			inputPaths = (
			);
			name = "Copy Pods Resources";
			outputPaths = (
			);
			runOnlyForDeploymentPostprocessing = 0;
			shellPath = /bin/sh;
			shellScript = "\"${SRCROOT}/Pods/Target Support Files/Pods/Pods-resources.sh\"\n";
			showEnvVarsInLog = 0;
		};
		D5F434AFF2C00C9ABE6BB23E /* Check Pods Manifest.lock */ = {
			isa = PBXShellScriptBuildPhase;
			buildActionMask = 2147483647;
			files = (
			);
			inputPaths = (
			);
			name = "Check Pods Manifest.lock";
			outputPaths = (
			);
			runOnlyForDeploymentPostprocessing = 0;
			shellPath = /bin/sh;
			shellScript = "diff \"${PODS_ROOT}/../Podfile.lock\" \"${PODS_ROOT}/Manifest.lock\" > /dev/null\nif [[ $? != 0 ]] ; then\n    cat << EOM\nerror: The sandbox is not in sync with the Podfile.lock. Run 'pod install' or update your CocoaPods installation.\nEOM\n    exit 1\nfi\n";
			showEnvVarsInLog = 0;
		};
		F2CADA0C12EE4E5024967C8C /* Copy Pods Resources */ = {
			isa = PBXShellScriptBuildPhase;
			buildActionMask = 2147483647;
			files = (
			);
			inputPaths = (
			);
			name = "Copy Pods Resources";
			outputPaths = (
			);
			runOnlyForDeploymentPostprocessing = 0;
			shellPath = /bin/sh;
			shellScript = "\"${SRCROOT}/Pods/Target Support Files/Pods/Pods-resources.sh\"\n";
			showEnvVarsInLog = 0;
		};
/* End PBXShellScriptBuildPhase section */

/* Begin PBXSourcesBuildPhase section */
		075E3DE21A5F4ECF00E001A7 /* Sources */ = {
			isa = PBXSourcesBuildPhase;
			buildActionMask = 2147483647;
			files = (
				071323901A79BD8F0043DB41 /* TextInsetTextField.swift in Sources */,
				071323921A7ADA590043DB41 /* APIService+MessagesExtension.swift in Sources */,
				70C9133D1A6D83FA002CBE61 /* UIColor+ProtonMail.swift in Sources */,
				073FD9321A71C60900EB0CAF /* UserDataService.swift in Sources */,
				07009F091A65E45600129B07 /* NSNotificationCenter+KeyboardExtension.swift in Sources */,
				0713239C1A7C0B4C0043DB41 /* NSManagedObjectContextExtension.swift in Sources */,
				706628211A715A0900164117 /* MailboxTableViewCell.swift in Sources */,
				706961FF1A7136A0001443B2 /* ProtonMailViewController.swift in Sources */,
				071323811A7846150043DB41 /* UIViewExtension.swift in Sources */,
				07CFC9D41A81A2B0007A72B7 /* Attachment.swift in Sources */,
				07B797C21A6EE50F00244532 /* APIService+AuthenticationExtension.swift in Sources */,
				0713237F1A7844390043DB41 /* MailboxPasswordViewController.swift in Sources */,
				07CC996C1A717ABD000FD6F8 /* UIStoryboardExtension.swift in Sources */,
				075E3DEF1A5F4ECF00E001A7 /* ProtonMail.xcdatamodeld in Sources */,
				075E3DEC1A5F4ECF00E001A7 /* AppDelegate.swift in Sources */,
				7061A3F31A6E8C6A0006D36C /* MenuViewController.swift in Sources */,
				70945E6E1A813550002B6837 /* UIButton+ProtonMail.swift in Sources */,
				07B797C51A6EE5FF00244532 /* AuthCredential.swift in Sources */,
				078A3A4C1A7FF4DC002C5FF3 /* MessageDataService.swift in Sources */,
				70F9C3211A7BA8F400A45DF3 /* MessageDetailView.swift in Sources */,
				701704751A791856000A90D2 /* MessageDetailViewController.swift in Sources */,
				706962071A71399D001443B2 /* ContactsViewController.swift in Sources */,
				073FD9341A732C5F00EB0CAF /* AFHTTPRequestSerializerExtension.swift in Sources */,
				07009F011A65CF4800129B07 /* SignInViewController.swift in Sources */,
				07009F0B1A66E36500129B07 /* NSNotification+KeyboardExtension.swift in Sources */,
				7069620B1A7139C8001443B2 /* SettingsViewController.swift in Sources */,
				70945E701A8135EC002B6837 /* UILabel+ProtonMail.swift in Sources */,
				07CC99641A6F076A000FD6F8 /* NSErrorExtension.swift in Sources */,
				07CC99661A6F1380000FD6F8 /* FoundationExtension.swift in Sources */,
				70945E6A1A80F351002B6837 /* MailboxViewController.swift in Sources */,
				0713239A1A7C02AB0043DB41 /* Message.swift in Sources */,
				07B797C01A6EDFF400244532 /* APIService.swift in Sources */,
				073FD92C1A719B7900EB0CAF /* APIService+UserExtension.swift in Sources */,
				07009EFC1A64AEF800129B07 /* PGPService.swift in Sources */,
				706932AB1A77BE3D00A75A93 /* SearchViewController.swift in Sources */,
				071323A01A7C1AB10043DB41 /* NSTimeIntervalExtension.swift in Sources */,
				07CFC9DA1A82D4CF007A72B7 /* NSSetExtension.swift in Sources */,
				7027B02B1A700F0200D28F52 /* MenuTableViewCell.swift in Sources */,
				70945E6C1A8133B8002B6837 /* MoreOptionsView.swift in Sources */,
				07FBA7A51A800AAC006E2390 /* NSFetchedResultsControllerExtension.swift in Sources */,
				0713239E1A7C1A670043DB41 /* NSDictonaryExtension.swift in Sources */,
				07CC99681A702368000FD6F8 /* UIFontExtension.swift in Sources */,
				07CFC9D81A82D1A4007A72B7 /* MessageDetail.swift in Sources */,
			);
			runOnlyForDeploymentPostprocessing = 0;
		};
		075E3DFA1A5F4ECF00E001A7 /* Sources */ = {
			isa = PBXSourcesBuildPhase;
			buildActionMask = 2147483647;
			files = (
				075E3E051A5F4ECF00E001A7 /* ProtonMailTests.swift in Sources */,
			);
			runOnlyForDeploymentPostprocessing = 0;
		};
/* End PBXSourcesBuildPhase section */

/* Begin PBXTargetDependency section */
		075E3E001A5F4ECF00E001A7 /* PBXTargetDependency */ = {
			isa = PBXTargetDependency;
			target = 075E3DE51A5F4ECF00E001A7 /* ProtonMail */;
			targetProxy = 075E3DFF1A5F4ECF00E001A7 /* PBXContainerItemProxy */;
		};
/* End PBXTargetDependency section */

/* Begin PBXVariantGroup section */
		075E3DF71A5F4ECF00E001A7 /* LaunchScreen.xib */ = {
			isa = PBXVariantGroup;
			children = (
				075E3DF81A5F4ECF00E001A7 /* Base */,
			);
			name = LaunchScreen.xib;
			path = ProtonMail;
			sourceTree = "<group>";
		};
/* End PBXVariantGroup section */

/* Begin XCBuildConfiguration section */
		075E3E061A5F4ECF00E001A7 /* Debug */ = {
			isa = XCBuildConfiguration;
			buildSettings = {
				ALWAYS_SEARCH_USER_PATHS = NO;
				CLANG_CXX_LANGUAGE_STANDARD = "gnu++0x";
				CLANG_CXX_LIBRARY = "libc++";
				CLANG_ENABLE_MODULES = YES;
				CLANG_ENABLE_OBJC_ARC = YES;
				CLANG_WARN_BOOL_CONVERSION = YES;
				CLANG_WARN_CONSTANT_CONVERSION = YES;
				CLANG_WARN_DIRECT_OBJC_ISA_USAGE = YES_ERROR;
				CLANG_WARN_EMPTY_BODY = YES;
				CLANG_WARN_ENUM_CONVERSION = YES;
				CLANG_WARN_INT_CONVERSION = YES;
				CLANG_WARN_OBJC_ROOT_CLASS = YES_ERROR;
				CLANG_WARN_UNREACHABLE_CODE = YES;
				CLANG_WARN__DUPLICATE_METHOD_MATCH = YES;
				"CODE_SIGN_IDENTITY[sdk=iphoneos*]" = "iPhone Developer";
				COPY_PHASE_STRIP = NO;
				ENABLE_STRICT_OBJC_MSGSEND = YES;
				GCC_C_LANGUAGE_STANDARD = gnu99;
				GCC_DYNAMIC_NO_PIC = NO;
				GCC_OPTIMIZATION_LEVEL = 0;
				GCC_PREPROCESSOR_DEFINITIONS = (
					"DEBUG=1",
					"$(inherited)",
				);
				GCC_SYMBOLS_PRIVATE_EXTERN = NO;
				GCC_WARN_64_TO_32_BIT_CONVERSION = YES;
				GCC_WARN_ABOUT_RETURN_TYPE = YES_ERROR;
				GCC_WARN_UNDECLARED_SELECTOR = YES;
				GCC_WARN_UNINITIALIZED_AUTOS = YES_AGGRESSIVE;
				GCC_WARN_UNUSED_FUNCTION = YES;
				GCC_WARN_UNUSED_VARIABLE = YES;
				IPHONEOS_DEPLOYMENT_TARGET = 8.1;
				MTL_ENABLE_DEBUG_INFO = YES;
				ONLY_ACTIVE_ARCH = YES;
				SDKROOT = iphoneos;
				SWIFT_OPTIMIZATION_LEVEL = "-Onone";
			};
			name = Debug;
		};
		075E3E071A5F4ECF00E001A7 /* Release */ = {
			isa = XCBuildConfiguration;
			buildSettings = {
				ALWAYS_SEARCH_USER_PATHS = NO;
				CLANG_CXX_LANGUAGE_STANDARD = "gnu++0x";
				CLANG_CXX_LIBRARY = "libc++";
				CLANG_ENABLE_MODULES = YES;
				CLANG_ENABLE_OBJC_ARC = YES;
				CLANG_WARN_BOOL_CONVERSION = YES;
				CLANG_WARN_CONSTANT_CONVERSION = YES;
				CLANG_WARN_DIRECT_OBJC_ISA_USAGE = YES_ERROR;
				CLANG_WARN_EMPTY_BODY = YES;
				CLANG_WARN_ENUM_CONVERSION = YES;
				CLANG_WARN_INT_CONVERSION = YES;
				CLANG_WARN_OBJC_ROOT_CLASS = YES_ERROR;
				CLANG_WARN_UNREACHABLE_CODE = YES;
				CLANG_WARN__DUPLICATE_METHOD_MATCH = YES;
				"CODE_SIGN_IDENTITY[sdk=iphoneos*]" = "iPhone Developer";
				COPY_PHASE_STRIP = YES;
				ENABLE_NS_ASSERTIONS = NO;
				ENABLE_STRICT_OBJC_MSGSEND = YES;
				GCC_C_LANGUAGE_STANDARD = gnu99;
				GCC_WARN_64_TO_32_BIT_CONVERSION = YES;
				GCC_WARN_ABOUT_RETURN_TYPE = YES_ERROR;
				GCC_WARN_UNDECLARED_SELECTOR = YES;
				GCC_WARN_UNINITIALIZED_AUTOS = YES_AGGRESSIVE;
				GCC_WARN_UNUSED_FUNCTION = YES;
				GCC_WARN_UNUSED_VARIABLE = YES;
				IPHONEOS_DEPLOYMENT_TARGET = 8.1;
				MTL_ENABLE_DEBUG_INFO = NO;
				SDKROOT = iphoneos;
				VALIDATE_PRODUCT = YES;
			};
			name = Release;
		};
		075E3E091A5F4ECF00E001A7 /* Debug */ = {
			isa = XCBuildConfiguration;
			baseConfigurationReference = AF1532103B091E2244D6CFE4 /* Pods.debug.xcconfig */;
			buildSettings = {
				ASSETCATALOG_COMPILER_APPICON_NAME = AppIcon;
				INFOPLIST_FILE = ProtonMail/Info.plist;
				IPHONEOS_DEPLOYMENT_TARGET = 8.0;
				LD_RUNPATH_SEARCH_PATHS = "$(inherited) @executable_path/Frameworks";
				OTHER_SWIFT_FLAGS = "";
				PRODUCT_NAME = "$(TARGET_NAME)";
				SWIFT_OBJC_BRIDGING_HEADER = "ProtonMail/ProtonMail-Bridging-Header.h";
			};
			name = Debug;
		};
		075E3E0A1A5F4ECF00E001A7 /* Release */ = {
			isa = XCBuildConfiguration;
			baseConfigurationReference = 132129A26ED76512DB66C024 /* Pods.release.xcconfig */;
			buildSettings = {
				ASSETCATALOG_COMPILER_APPICON_NAME = AppIcon;
				INFOPLIST_FILE = ProtonMail/Info.plist;
				IPHONEOS_DEPLOYMENT_TARGET = 8.0;
				LD_RUNPATH_SEARCH_PATHS = "$(inherited) @executable_path/Frameworks";
				OTHER_SWIFT_FLAGS = "";
				PRODUCT_NAME = "$(TARGET_NAME)";
				SWIFT_OBJC_BRIDGING_HEADER = "ProtonMail/ProtonMail-Bridging-Header.h";
			};
			name = Release;
		};
		075E3E0C1A5F4ECF00E001A7 /* Debug */ = {
			isa = XCBuildConfiguration;
			baseConfigurationReference = AF1532103B091E2244D6CFE4 /* Pods.debug.xcconfig */;
			buildSettings = {
				BUNDLE_LOADER = "$(TEST_HOST)";
				FRAMEWORK_SEARCH_PATHS = (
					"$(SDKROOT)/Developer/Library/Frameworks",
					"$(inherited)",
				);
				GCC_PREPROCESSOR_DEFINITIONS = (
					"DEBUG=1",
					"$(inherited)",
				);
				INFOPLIST_FILE = ProtonMailTests/Info.plist;
				LD_RUNPATH_SEARCH_PATHS = "$(inherited) @executable_path/Frameworks @loader_path/Frameworks";
				PRODUCT_NAME = "$(TARGET_NAME)";
				TEST_HOST = "$(BUILT_PRODUCTS_DIR)/ProtonMail.app/ProtonMail";
			};
			name = Debug;
		};
		075E3E0D1A5F4ECF00E001A7 /* Release */ = {
			isa = XCBuildConfiguration;
			baseConfigurationReference = 132129A26ED76512DB66C024 /* Pods.release.xcconfig */;
			buildSettings = {
				BUNDLE_LOADER = "$(TEST_HOST)";
				FRAMEWORK_SEARCH_PATHS = (
					"$(SDKROOT)/Developer/Library/Frameworks",
					"$(inherited)",
				);
				INFOPLIST_FILE = ProtonMailTests/Info.plist;
				LD_RUNPATH_SEARCH_PATHS = "$(inherited) @executable_path/Frameworks @loader_path/Frameworks";
				PRODUCT_NAME = "$(TARGET_NAME)";
				TEST_HOST = "$(BUILT_PRODUCTS_DIR)/ProtonMail.app/ProtonMail";
			};
			name = Release;
		};
		C321D6EB1A65D2730036EFFB /* Distribution */ = {
			isa = XCBuildConfiguration;
			buildSettings = {
				ALWAYS_SEARCH_USER_PATHS = NO;
				CLANG_CXX_LANGUAGE_STANDARD = "gnu++0x";
				CLANG_CXX_LIBRARY = "libc++";
				CLANG_ENABLE_MODULES = YES;
				CLANG_ENABLE_OBJC_ARC = YES;
				CLANG_WARN_BOOL_CONVERSION = YES;
				CLANG_WARN_CONSTANT_CONVERSION = YES;
				CLANG_WARN_DIRECT_OBJC_ISA_USAGE = YES_ERROR;
				CLANG_WARN_EMPTY_BODY = YES;
				CLANG_WARN_ENUM_CONVERSION = YES;
				CLANG_WARN_INT_CONVERSION = YES;
				CLANG_WARN_OBJC_ROOT_CLASS = YES_ERROR;
				CLANG_WARN_UNREACHABLE_CODE = YES;
				CLANG_WARN__DUPLICATE_METHOD_MATCH = YES;
				"CODE_SIGN_IDENTITY[sdk=iphoneos*]" = "iPhone Distribution";
				COPY_PHASE_STRIP = YES;
				ENABLE_NS_ASSERTIONS = NO;
				ENABLE_STRICT_OBJC_MSGSEND = YES;
				GCC_C_LANGUAGE_STANDARD = gnu99;
				GCC_WARN_64_TO_32_BIT_CONVERSION = YES;
				GCC_WARN_ABOUT_RETURN_TYPE = YES_ERROR;
				GCC_WARN_UNDECLARED_SELECTOR = YES;
				GCC_WARN_UNINITIALIZED_AUTOS = YES_AGGRESSIVE;
				GCC_WARN_UNUSED_FUNCTION = YES;
				GCC_WARN_UNUSED_VARIABLE = YES;
				IPHONEOS_DEPLOYMENT_TARGET = 8.1;
				MTL_ENABLE_DEBUG_INFO = NO;
				SDKROOT = iphoneos;
				VALIDATE_PRODUCT = YES;
			};
			name = Distribution;
		};
		C321D6EC1A65D2730036EFFB /* Distribution */ = {
			isa = XCBuildConfiguration;
			baseConfigurationReference = 07009F0C1A6700CF00129B07 /* Pods.distribution.xcconfig */;
			buildSettings = {
				ASSETCATALOG_COMPILER_APPICON_NAME = AppIcon;
				INFOPLIST_FILE = ProtonMail/Info.plist;
				IPHONEOS_DEPLOYMENT_TARGET = 8.0;
				LD_RUNPATH_SEARCH_PATHS = "$(inherited) @executable_path/Frameworks";
				OTHER_SWIFT_FLAGS = "";
				PRODUCT_NAME = "$(TARGET_NAME)";
				SWIFT_OBJC_BRIDGING_HEADER = "ProtonMail/ProtonMail-Bridging-Header.h";
			};
			name = Distribution;
		};
		C321D6ED1A65D2730036EFFB /* Distribution */ = {
			isa = XCBuildConfiguration;
			baseConfigurationReference = 07009F0C1A6700CF00129B07 /* Pods.distribution.xcconfig */;
			buildSettings = {
				BUNDLE_LOADER = "$(TEST_HOST)";
				FRAMEWORK_SEARCH_PATHS = (
					"$(SDKROOT)/Developer/Library/Frameworks",
					"$(inherited)",
				);
				INFOPLIST_FILE = ProtonMailTests/Info.plist;
				LD_RUNPATH_SEARCH_PATHS = "$(inherited) @executable_path/Frameworks @loader_path/Frameworks";
				PRODUCT_NAME = "$(TARGET_NAME)";
				TEST_HOST = "$(BUILT_PRODUCTS_DIR)/ProtonMail.app/ProtonMail";
			};
			name = Distribution;
		};
/* End XCBuildConfiguration section */

/* Begin XCConfigurationList section */
		075E3DE11A5F4ECF00E001A7 /* Build configuration list for PBXProject "ProtonMail" */ = {
			isa = XCConfigurationList;
			buildConfigurations = (
				075E3E061A5F4ECF00E001A7 /* Debug */,
				075E3E071A5F4ECF00E001A7 /* Release */,
				C321D6EB1A65D2730036EFFB /* Distribution */,
			);
			defaultConfigurationIsVisible = 0;
			defaultConfigurationName = Release;
		};
		075E3E081A5F4ECF00E001A7 /* Build configuration list for PBXNativeTarget "ProtonMail" */ = {
			isa = XCConfigurationList;
			buildConfigurations = (
				075E3E091A5F4ECF00E001A7 /* Debug */,
				075E3E0A1A5F4ECF00E001A7 /* Release */,
				C321D6EC1A65D2730036EFFB /* Distribution */,
			);
			defaultConfigurationIsVisible = 0;
			defaultConfigurationName = Release;
		};
		075E3E0B1A5F4ECF00E001A7 /* Build configuration list for PBXNativeTarget "ProtonMailTests" */ = {
			isa = XCConfigurationList;
			buildConfigurations = (
				075E3E0C1A5F4ECF00E001A7 /* Debug */,
				075E3E0D1A5F4ECF00E001A7 /* Release */,
				C321D6ED1A65D2730036EFFB /* Distribution */,
			);
			defaultConfigurationIsVisible = 0;
			defaultConfigurationName = Release;
		};
/* End XCConfigurationList section */

/* Begin XCVersionGroup section */
		075E3DED1A5F4ECF00E001A7 /* ProtonMail.xcdatamodeld */ = {
			isa = XCVersionGroup;
			children = (
				075E3DEE1A5F4ECF00E001A7 /* ProtonMail.xcdatamodel */,
			);
			currentVersion = 075E3DEE1A5F4ECF00E001A7 /* ProtonMail.xcdatamodel */;
			name = ProtonMail.xcdatamodeld;
			path = ProtonMail/ProtonMail.xcdatamodeld;
			sourceTree = "<group>";
			versionGroupType = wrapper.xcdatamodel;
		};
/* End XCVersionGroup section */
	};
	rootObject = 075E3DDE1A5F4ECF00E001A7 /* Project object */;
}
