// !$*UTF8*$!
{
	archiveVersion = 1;
	classes = {
	};
	objectVersion = 46;
	objects = {

/* Begin PBXBuildFile section */
		075E3DEC1A5F4ECF00E001A7 /* AppDelegate.swift in Sources */ = {isa = PBXBuildFile; fileRef = 075E3DEB1A5F4ECF00E001A7 /* AppDelegate.swift */; };
		075E3DEF1A5F4ECF00E001A7 /* ProtonMail.xcdatamodeld in Sources */ = {isa = PBXBuildFile; fileRef = 075E3DED1A5F4ECF00E001A7 /* ProtonMail.xcdatamodeld */; };
		075E3DF11A5F4ECF00E001A7 /* ViewController.swift in Sources */ = {isa = PBXBuildFile; fileRef = 075E3DF01A5F4ECF00E001A7 /* ViewController.swift */; };
		075E3DF41A5F4ECF00E001A7 /* Main.storyboard in Resources */ = {isa = PBXBuildFile; fileRef = 075E3DF21A5F4ECF00E001A7 /* Main.storyboard */; };
		075E3DF61A5F4ECF00E001A7 /* Images.xcassets in Resources */ = {isa = PBXBuildFile; fileRef = 075E3DF51A5F4ECF00E001A7 /* Images.xcassets */; };
		075E3DF91A5F4ECF00E001A7 /* LaunchScreen.xib in Resources */ = {isa = PBXBuildFile; fileRef = 075E3DF71A5F4ECF00E001A7 /* LaunchScreen.xib */; };
		075E3E051A5F4ECF00E001A7 /* ProtonMailTests.swift in Sources */ = {isa = PBXBuildFile; fileRef = 075E3E041A5F4ECF00E001A7 /* ProtonMailTests.swift */; };
/* End PBXBuildFile section */

/* Begin PBXContainerItemProxy section */
		075E3DFF1A5F4ECF00E001A7 /* PBXContainerItemProxy */ = {
			isa = PBXContainerItemProxy;
			containerPortal = 075E3DDE1A5F4ECF00E001A7 /* Project object */;
			proxyType = 1;
			remoteGlobalIDString = 075E3DE51A5F4ECF00E001A7;
			remoteInfo = ProtonMail;
		};
/* End PBXContainerItemProxy section */

/* Begin PBXFileReference section */
		075E3DE61A5F4ECF00E001A7 /* ProtonMail.app */ = {isa = PBXFileReference; explicitFileType = wrapper.application; includeInIndex = 0; path = ProtonMail.app; sourceTree = BUILT_PRODUCTS_DIR; };
		075E3DEA1A5F4ECF00E001A7 /* Info.plist */ = {isa = PBXFileReference; lastKnownFileType = text.plist.xml; path = Info.plist; sourceTree = "<group>"; };
		075E3DEB1A5F4ECF00E001A7 /* AppDelegate.swift */ = {isa = PBXFileReference; lastKnownFileType = sourcecode.swift; path = AppDelegate.swift; sourceTree = "<group>"; };
		075E3DEE1A5F4ECF00E001A7 /* ProtonMail.xcdatamodel */ = {isa = PBXFileReference; lastKnownFileType = wrapper.xcdatamodel; path = ProtonMail.xcdatamodel; sourceTree = "<group>"; };
		075E3DF01A5F4ECF00E001A7 /* ViewController.swift */ = {isa = PBXFileReference; lastKnownFileType = sourcecode.swift; path = ViewController.swift; sourceTree = "<group>"; };
		075E3DF31A5F4ECF00E001A7 /* Base */ = {isa = PBXFileReference; lastKnownFileType = file.storyboard; name = Base; path = Base.lproj/Main.storyboard; sourceTree = "<group>"; };
		075E3DF51A5F4ECF00E001A7 /* Images.xcassets */ = {isa = PBXFileReference; lastKnownFileType = folder.assetcatalog; path = Images.xcassets; sourceTree = "<group>"; };
		075E3DF81A5F4ECF00E001A7 /* Base */ = {isa = PBXFileReference; lastKnownFileType = file.xib; name = Base; path = Base.lproj/LaunchScreen.xib; sourceTree = "<group>"; };
		075E3DFE1A5F4ECF00E001A7 /* ProtonMailTests.xctest */ = {isa = PBXFileReference; explicitFileType = wrapper.cfbundle; includeInIndex = 0; path = ProtonMailTests.xctest; sourceTree = BUILT_PRODUCTS_DIR; };
		075E3E031A5F4ECF00E001A7 /* Info.plist */ = {isa = PBXFileReference; lastKnownFileType = text.plist.xml; path = Info.plist; sourceTree = "<group>"; };
		075E3E041A5F4ECF00E001A7 /* ProtonMailTests.swift */ = {isa = PBXFileReference; lastKnownFileType = sourcecode.swift; path = ProtonMailTests.swift; sourceTree = "<group>"; };
/* End PBXFileReference section */

/* Begin PBXFrameworksBuildPhase section */
		075E3DE31A5F4ECF00E001A7 /* Frameworks */ = {
			isa = PBXFrameworksBuildPhase;
			buildActionMask = 2147483647;
			files = (
			);
			runOnlyForDeploymentPostprocessing = 0;
		};
		075E3DFB1A5F4ECF00E001A7 /* Frameworks */ = {
			isa = PBXFrameworksBuildPhase;
			buildActionMask = 2147483647;
			files = (
			);
			runOnlyForDeploymentPostprocessing = 0;
		};
/* End PBXFrameworksBuildPhase section */

/* Begin PBXGroup section */
		075E3DDD1A5F4ECF00E001A7 = {
			isa = PBXGroup;
			children = (
				075E3DE81A5F4ECF00E001A7 /* ProtonMail */,
				075E3E011A5F4ECF00E001A7 /* ProtonMailTests */,
				075E3DE71A5F4ECF00E001A7 /* Products */,
			);
			sourceTree = "<group>";
		};
		075E3DE71A5F4ECF00E001A7 /* Products */ = {
			isa = PBXGroup;
			children = (
				075E3DE61A5F4ECF00E001A7 /* ProtonMail.app */,
				075E3DFE1A5F4ECF00E001A7 /* ProtonMailTests.xctest */,
			);
			name = Products;
			sourceTree = "<group>";
		};
		075E3DE81A5F4ECF00E001A7 /* ProtonMail */ = {
			isa = PBXGroup;
			children = (
				075E3DEB1A5F4ECF00E001A7 /* AppDelegate.swift */,
				075E3DF01A5F4ECF00E001A7 /* ViewController.swift */,
				075E3DF21A5F4ECF00E001A7 /* Main.storyboard */,
				075E3DF51A5F4ECF00E001A7 /* Images.xcassets */,
				075E3DF71A5F4ECF00E001A7 /* LaunchScreen.xib */,
				075E3DED1A5F4ECF00E001A7 /* ProtonMail.xcdatamodeld */,
				075E3DE91A5F4ECF00E001A7 /* Supporting Files */,
			);
			path = ProtonMail;
			sourceTree = "<group>";
		};
		075E3DE91A5F4ECF00E001A7 /* Supporting Files */ = {
			isa = PBXGroup;
			children = (
				075E3DEA1A5F4ECF00E001A7 /* Info.plist */,
			);
			name = "Supporting Files";
			sourceTree = "<group>";
		};
		075E3E011A5F4ECF00E001A7 /* ProtonMailTests */ = {
			isa = PBXGroup;
			children = (
				075E3E041A5F4ECF00E001A7 /* ProtonMailTests.swift */,
				075E3E021A5F4ECF00E001A7 /* Supporting Files */,
			);
			path = ProtonMailTests;
			sourceTree = "<group>";
		};
		075E3E021A5F4ECF00E001A7 /* Supporting Files */ = {
			isa = PBXGroup;
			children = (
				075E3E031A5F4ECF00E001A7 /* Info.plist */,
			);
			name = "Supporting Files";
			sourceTree = "<group>";
		};
/* End PBXGroup section */

/* Begin PBXNativeTarget section */
		075E3DE51A5F4ECF00E001A7 /* ProtonMail */ = {
			isa = PBXNativeTarget;
			buildConfigurationList = 075E3E081A5F4ECF00E001A7 /* Build configuration list for PBXNativeTarget "ProtonMail" */;
			buildPhases = (
				075E3DE21A5F4ECF00E001A7 /* Sources */,
				075E3DE31A5F4ECF00E001A7 /* Frameworks */,
				075E3DE41A5F4ECF00E001A7 /* Resources */,
			);
			buildRules = (
			);
			dependencies = (
			);
			name = ProtonMail;
			productName = ProtonMail;
			productReference = 075E3DE61A5F4ECF00E001A7 /* ProtonMail.app */;
			productType = "com.apple.product-type.application";
		};
		075E3DFD1A5F4ECF00E001A7 /* ProtonMailTests */ = {
			isa = PBXNativeTarget;
			buildConfigurationList = 075E3E0B1A5F4ECF00E001A7 /* Build configuration list for PBXNativeTarget "ProtonMailTests" */;
			buildPhases = (
				075E3DFA1A5F4ECF00E001A7 /* Sources */,
				075E3DFB1A5F4ECF00E001A7 /* Frameworks */,
				075E3DFC1A5F4ECF00E001A7 /* Resources */,
			);
			buildRules = (
			);
			dependencies = (
				075E3E001A5F4ECF00E001A7 /* PBXTargetDependency */,
			);
			name = ProtonMailTests;
			productName = ProtonMailTests;
			productReference = 075E3DFE1A5F4ECF00E001A7 /* ProtonMailTests.xctest */;
			productType = "com.apple.product-type.bundle.unit-test";
		};
/* End PBXNativeTarget section */

/* Begin PBXProject section */
		075E3DDE1A5F4ECF00E001A7 /* Project object */ = {
			isa = PBXProject;
			attributes = {
				LastUpgradeCheck = 0610;
				ORGANIZATIONNAME = ArcTouch;
				TargetAttributes = {
					075E3DE51A5F4ECF00E001A7 = {
						CreatedOnToolsVersion = 6.1.1;
					};
					075E3DFD1A5F4ECF00E001A7 = {
						CreatedOnToolsVersion = 6.1.1;
						TestTargetID = 075E3DE51A5F4ECF00E001A7;
					};
				};
			};
			buildConfigurationList = 075E3DE11A5F4ECF00E001A7 /* Build configuration list for PBXProject "ProtonMail" */;
			compatibilityVersion = "Xcode 3.2";
			developmentRegion = English;
			hasScannedForEncodings = 0;
			knownRegions = (
				en,
				Base,
			);
			mainGroup = 075E3DDD1A5F4ECF00E001A7;
			productRefGroup = 075E3DE71A5F4ECF00E001A7 /* Products */;
			projectDirPath = "";
			projectRoot = "";
			targets = (
				075E3DE51A5F4ECF00E001A7 /* ProtonMail */,
				075E3DFD1A5F4ECF00E001A7 /* ProtonMailTests */,
			);
		};
/* End PBXProject section */

/* Begin PBXResourcesBuildPhase section */
		075E3DE41A5F4ECF00E001A7 /* Resources */ = {
			isa = PBXResourcesBuildPhase;
			buildActionMask = 2147483647;
			files = (
				075E3DF41A5F4ECF00E001A7 /* Main.storyboard in Resources */,
				075E3DF91A5F4ECF00E001A7 /* LaunchScreen.xib in Resources */,
				075E3DF61A5F4ECF00E001A7 /* Images.xcassets in Resources */,
			);
			runOnlyForDeploymentPostprocessing = 0;
		};
		075E3DFC1A5F4ECF00E001A7 /* Resources */ = {
			isa = PBXResourcesBuildPhase;
			buildActionMask = 2147483647;
			files = (
			);
			runOnlyForDeploymentPostprocessing = 0;
		};
/* End PBXResourcesBuildPhase section */

/* Begin PBXSourcesBuildPhase section */
		075E3DE21A5F4ECF00E001A7 /* Sources */ = {
			isa = PBXSourcesBuildPhase;
			buildActionMask = 2147483647;
			files = (
				075E3DF11A5F4ECF00E001A7 /* ViewController.swift in Sources */,
				075E3DEF1A5F4ECF00E001A7 /* ProtonMail.xcdatamodeld in Sources */,
				075E3DEC1A5F4ECF00E001A7 /* AppDelegate.swift in Sources */,
			);
			runOnlyForDeploymentPostprocessing = 0;
		};
		075E3DFA1A5F4ECF00E001A7 /* Sources */ = {
			isa = PBXSourcesBuildPhase;
			buildActionMask = 2147483647;
			files = (
				075E3E051A5F4ECF00E001A7 /* ProtonMailTests.swift in Sources */,
			);
			runOnlyForDeploymentPostprocessing = 0;
		};
/* End PBXSourcesBuildPhase section */

/* Begin PBXTargetDependency section */
		075E3E001A5F4ECF00E001A7 /* PBXTargetDependency */ = {
			isa = PBXTargetDependency;
			target = 075E3DE51A5F4ECF00E001A7 /* ProtonMail */;
			targetProxy = 075E3DFF1A5F4ECF00E001A7 /* PBXContainerItemProxy */;
		};
/* End PBXTargetDependency section */

/* Begin PBXVariantGroup section */
		075E3DF21A5F4ECF00E001A7 /* Main.storyboard */ = {
			isa = PBXVariantGroup;
			children = (
				075E3DF31A5F4ECF00E001A7 /* Base */,
			);
			name = Main.storyboard;
			sourceTree = "<group>";
		};
		075E3DF71A5F4ECF00E001A7 /* LaunchScreen.xib */ = {
			isa = PBXVariantGroup;
			children = (
				075E3DF81A5F4ECF00E001A7 /* Base */,
			);
			name = LaunchScreen.xib;
			sourceTree = "<group>";
		};
/* End PBXVariantGroup section */

/* Begin XCBuildConfiguration section */
		075E3E061A5F4ECF00E001A7 /* Debug */ = {
			isa = XCBuildConfiguration;
			buildSettings = {
				ALWAYS_SEARCH_USER_PATHS = NO;
				CLANG_CXX_LANGUAGE_STANDARD = "gnu++0x";
				CLANG_CXX_LIBRARY = "libc++";
				CLANG_ENABLE_MODULES = YES;
				CLANG_ENABLE_OBJC_ARC = YES;
				CLANG_WARN_BOOL_CONVERSION = YES;
				CLANG_WARN_CONSTANT_CONVERSION = YES;
				CLANG_WARN_DIRECT_OBJC_ISA_USAGE = YES_ERROR;
				CLANG_WARN_EMPTY_BODY = YES;
				CLANG_WARN_ENUM_CONVERSION = YES;
				CLANG_WARN_INT_CONVERSION = YES;
				CLANG_WARN_OBJC_ROOT_CLASS = YES_ERROR;
				CLANG_WARN_UNREACHABLE_CODE = YES;
				CLANG_WARN__DUPLICATE_METHOD_MATCH = YES;
				"CODE_SIGN_IDENTITY[sdk=iphoneos*]" = "iPhone Developer";
				COPY_PHASE_STRIP = NO;
				ENABLE_STRICT_OBJC_MSGSEND = YES;
				GCC_C_LANGUAGE_STANDARD = gnu99;
				GCC_DYNAMIC_NO_PIC = NO;
				GCC_OPTIMIZATION_LEVEL = 0;
				GCC_PREPROCESSOR_DEFINITIONS = (
					"DEBUG=1",
					"$(inherited)",
				);
				GCC_SYMBOLS_PRIVATE_EXTERN = NO;
				GCC_WARN_64_TO_32_BIT_CONVERSION = YES;
				GCC_WARN_ABOUT_RETURN_TYPE = YES_ERROR;
				GCC_WARN_UNDECLARED_SELECTOR = YES;
				GCC_WARN_UNINITIALIZED_AUTOS = YES_AGGRESSIVE;
				GCC_WARN_UNUSED_FUNCTION = YES;
				GCC_WARN_UNUSED_VARIABLE = YES;
				IPHONEOS_DEPLOYMENT_TARGET = 8.1;
				MTL_ENABLE_DEBUG_INFO = YES;
				ONLY_ACTIVE_ARCH = YES;
				SDKROOT = iphoneos;
				SWIFT_OPTIMIZATION_LEVEL = "-Onone";
			};
			name = Debug;
		};
		075E3E071A5F4ECF00E001A7 /* Release */ = {
			isa = XCBuildConfiguration;
			buildSettings = {
				ALWAYS_SEARCH_USER_PATHS = NO;
				CLANG_CXX_LANGUAGE_STANDARD = "gnu++0x";
				CLANG_CXX_LIBRARY = "libc++";
				CLANG_ENABLE_MODULES = YES;
				CLANG_ENABLE_OBJC_ARC = YES;
				CLANG_WARN_BOOL_CONVERSION = YES;
				CLANG_WARN_CONSTANT_CONVERSION = YES;
				CLANG_WARN_DIRECT_OBJC_ISA_USAGE = YES_ERROR;
				CLANG_WARN_EMPTY_BODY = YES;
				CLANG_WARN_ENUM_CONVERSION = YES;
				CLANG_WARN_INT_CONVERSION = YES;
				CLANG_WARN_OBJC_ROOT_CLASS = YES_ERROR;
				CLANG_WARN_UNREACHABLE_CODE = YES;
				CLANG_WARN__DUPLICATE_METHOD_MATCH = YES;
				"CODE_SIGN_IDENTITY[sdk=iphoneos*]" = "iPhone Developer";
				COPY_PHASE_STRIP = YES;
				ENABLE_NS_ASSERTIONS = NO;
				ENABLE_STRICT_OBJC_MSGSEND = YES;
				GCC_C_LANGUAGE_STANDARD = gnu99;
				GCC_WARN_64_TO_32_BIT_CONVERSION = YES;
				GCC_WARN_ABOUT_RETURN_TYPE = YES_ERROR;
				GCC_WARN_UNDECLARED_SELECTOR = YES;
				GCC_WARN_UNINITIALIZED_AUTOS = YES_AGGRESSIVE;
				GCC_WARN_UNUSED_FUNCTION = YES;
				GCC_WARN_UNUSED_VARIABLE = YES;
				IPHONEOS_DEPLOYMENT_TARGET = 8.1;
				MTL_ENABLE_DEBUG_INFO = NO;
				SDKROOT = iphoneos;
				VALIDATE_PRODUCT = YES;
			};
			name = Release;
		};
		075E3E091A5F4ECF00E001A7 /* Debug */ = {
			isa = XCBuildConfiguration;
			buildSettings = {
				ASSETCATALOG_COMPILER_APPICON_NAME = AppIcon;
				INFOPLIST_FILE = ProtonMail/Info.plist;
				LD_RUNPATH_SEARCH_PATHS = "$(inherited) @executable_path/Frameworks";
				PRODUCT_NAME = "$(TARGET_NAME)";
			};
			name = Debug;
		};
		075E3E0A1A5F4ECF00E001A7 /* Release */ = {
			isa = XCBuildConfiguration;
			buildSettings = {
				ASSETCATALOG_COMPILER_APPICON_NAME = AppIcon;
				INFOPLIST_FILE = ProtonMail/Info.plist;
				LD_RUNPATH_SEARCH_PATHS = "$(inherited) @executable_path/Frameworks";
				PRODUCT_NAME = "$(TARGET_NAME)";
			};
			name = Release;
		};
		075E3E0C1A5F4ECF00E001A7 /* Debug */ = {
			isa = XCBuildConfiguration;
			buildSettings = {
				BUNDLE_LOADER = "$(TEST_HOST)";
				FRAMEWORK_SEARCH_PATHS = (
					"$(SDKROOT)/Developer/Library/Frameworks",
					"$(inherited)",
				);
				GCC_PREPROCESSOR_DEFINITIONS = (
					"DEBUG=1",
					"$(inherited)",
				);
				INFOPLIST_FILE = ProtonMailTests/Info.plist;
				LD_RUNPATH_SEARCH_PATHS = "$(inherited) @executable_path/Frameworks @loader_path/Frameworks";
				PRODUCT_NAME = "$(TARGET_NAME)";
				TEST_HOST = "$(BUILT_PRODUCTS_DIR)/ProtonMail.app/ProtonMail";
			};
			name = Debug;
		};
		075E3E0D1A5F4ECF00E001A7 /* Release */ = {
			isa = XCBuildConfiguration;
			buildSettings = {
				BUNDLE_LOADER = "$(TEST_HOST)";
				FRAMEWORK_SEARCH_PATHS = (
					"$(SDKROOT)/Developer/Library/Frameworks",
					"$(inherited)",
				);
				INFOPLIST_FILE = ProtonMailTests/Info.plist;
				LD_RUNPATH_SEARCH_PATHS = "$(inherited) @executable_path/Frameworks @loader_path/Frameworks";
				PRODUCT_NAME = "$(TARGET_NAME)";
				TEST_HOST = "$(BUILT_PRODUCTS_DIR)/ProtonMail.app/ProtonMail";
			};
			name = Release;
		};
/* End XCBuildConfiguration section */

/* Begin XCConfigurationList section */
		075E3DE11A5F4ECF00E001A7 /* Build configuration list for PBXProject "ProtonMail" */ = {
			isa = XCConfigurationList;
			buildConfigurations = (
				075E3E061A5F4ECF00E001A7 /* Debug */,
				075E3E071A5F4ECF00E001A7 /* Release */,
			);
			defaultConfigurationIsVisible = 0;
			defaultConfigurationName = Release;
		};
		075E3E081A5F4ECF00E001A7 /* Build configuration list for PBXNativeTarget "ProtonMail" */ = {
			isa = XCConfigurationList;
			buildConfigurations = (
				075E3E091A5F4ECF00E001A7 /* Debug */,
				075E3E0A1A5F4ECF00E001A7 /* Release */,
			);
			defaultConfigurationIsVisible = 0;
		};
		075E3E0B1A5F4ECF00E001A7 /* Build configuration list for PBXNativeTarget "ProtonMailTests" */ = {
			isa = XCConfigurationList;
			buildConfigurations = (
				075E3E0C1A5F4ECF00E001A7 /* Debug */,
				075E3E0D1A5F4ECF00E001A7 /* Release */,
			);
			defaultConfigurationIsVisible = 0;
		};
/* End XCConfigurationList section */

/* Begin XCVersionGroup section */
		075E3DED1A5F4ECF00E001A7 /* ProtonMail.xcdatamodeld */ = {
			isa = XCVersionGroup;
			children = (
				075E3DEE1A5F4ECF00E001A7 /* ProtonMail.xcdatamodel */,
			);
			currentVersion = 075E3DEE1A5F4ECF00E001A7 /* ProtonMail.xcdatamodel */;
			path = ProtonMail.xcdatamodeld;
			sourceTree = "<group>";
			versionGroupType = wrapper.xcdatamodel;
		};
/* End XCVersionGroup section */
	};
	rootObject = 075E3DDE1A5F4ECF00E001A7 /* Project object */;
}
